Microsoft Visual Studio Solution File, Format Version 12.00
# Visual Studio 15
VisualStudioVersion = 15.0.26730.10
MinimumVisualStudioVersion = 15.0.26124.0
Project("{2150E333-8FDC-42A3-9474-1A3956D46DE8}") = "src", "src", "{287399B9-76C7-4CDC-98A9-C5C781A46CE8}"
EndProject
Project("{2150E333-8FDC-42A3-9474-1A3956D46DE8}") = "test", "test", "{1455461C-C336-45B5-B3E3-848FFE5F60E0}"
EndProject
Project("{9A19103F-16F7-4668-BE54-9A1E7A4F7556}") = "lib.xtest", "test\lib.xtest\lib.xtest.csproj", "{E4667242-0159-4EFA-8F62-68401024E601}"
EndProject
Project("{9A19103F-16F7-4668-BE54-9A1E7A4F7556}") = "test", "test\lib.mstest\test.csproj", "{C4207C2A-D879-4251-B82B-2FBD0A029FCD}"
EndProject
Project("{9A19103F-16F7-4668-BE54-9A1E7A4F7556}") = "console", "src\app\console\console.csproj", "{7244FFA7-60D2-479D-B7F2-6329D8D34C1B}"
EndProject
Project("{9A19103F-16F7-4668-BE54-9A1E7A4F7556}") = "web", "src\app\web\web.csproj", "{827633F6-9385-43A5-B797-FFF40496A5F9}"
EndProject
Project("{E53339B2-1760-4266-BCC7-CA923CBCF16C}") = "docker-compose", "docker-compose.dcproj", "{B8CFA563-3F13-42B0-9EF3-DE8B199666D7}"
EndProject
Project("{2150E333-8FDC-42A3-9474-1A3956D46DE8}") = "script", "script", "{FD3CD14C-67A6-4ECD-AF47-2E6B9EBF91FC}"
EndProject
Project("{9A19103F-16F7-4668-BE54-9A1E7A4F7556}") = "Api", "src\lib\Api\Api.csproj", "{A5749624-AC19-4405-A325-5415CC66219D}"
EndProject
Project("{9A19103F-16F7-4668-BE54-9A1E7A4F7556}") = "Impl", "src\lib\Impl\Impl.csproj", "{9C00B1B4-89CE-489C-838A-66FA9A6BAAAF}"
EndProject
Global
	GlobalSection(SolutionConfigurationPlatforms) = preSolution
		Debug|Any CPU = Debug|Any CPU
		Debug|x64 = Debug|x64
		Debug|x86 = Debug|x86
		Release|Any CPU = Release|Any CPU
		Release|x64 = Release|x64
		Release|x86 = Release|x86
	EndGlobalSection
	GlobalSection(ProjectConfigurationPlatforms) = postSolution
		{E4667242-0159-4EFA-8F62-68401024E601}.Debug|Any CPU.ActiveCfg = Debug|Any CPU
		{E4667242-0159-4EFA-8F62-68401024E601}.Debug|Any CPU.Build.0 = Debug|Any CPU
		{E4667242-0159-4EFA-8F62-68401024E601}.Debug|x64.ActiveCfg = Debug|Any CPU
		{E4667242-0159-4EFA-8F62-68401024E601}.Debug|x64.Build.0 = Debug|Any CPU
		{E4667242-0159-4EFA-8F62-68401024E601}.Debug|x86.ActiveCfg = Debug|Any CPU
		{E4667242-0159-4EFA-8F62-68401024E601}.Debug|x86.Build.0 = Debug|Any CPU
		{E4667242-0159-4EFA-8F62-68401024E601}.Release|Any CPU.ActiveCfg = Release|Any CPU
		{E4667242-0159-4EFA-8F62-68401024E601}.Release|Any CPU.Build.0 = Release|Any CPU
		{E4667242-0159-4EFA-8F62-68401024E601}.Release|x64.ActiveCfg = Release|Any CPU
		{E4667242-0159-4EFA-8F62-68401024E601}.Release|x64.Build.0 = Release|Any CPU
		{E4667242-0159-4EFA-8F62-68401024E601}.Release|x86.ActiveCfg = Release|Any CPU
		{E4667242-0159-4EFA-8F62-68401024E601}.Release|x86.Build.0 = Release|Any CPU
		{C4207C2A-D879-4251-B82B-2FBD0A029FCD}.Debug|Any CPU.ActiveCfg = Debug|Any CPU
		{C4207C2A-D879-4251-B82B-2FBD0A029FCD}.Debug|Any CPU.Build.0 = Debug|Any CPU
		{C4207C2A-D879-4251-B82B-2FBD0A029FCD}.Debug|x64.ActiveCfg = Debug|Any CPU
		{C4207C2A-D879-4251-B82B-2FBD0A029FCD}.Debug|x64.Build.0 = Debug|Any CPU
		{C4207C2A-D879-4251-B82B-2FBD0A029FCD}.Debug|x86.ActiveCfg = Debug|Any CPU
		{C4207C2A-D879-4251-B82B-2FBD0A029FCD}.Debug|x86.Build.0 = Debug|Any CPU
		{C4207C2A-D879-4251-B82B-2FBD0A029FCD}.Release|Any CPU.ActiveCfg = Release|Any CPU
		{C4207C2A-D879-4251-B82B-2FBD0A029FCD}.Release|Any CPU.Build.0 = Release|Any CPU
		{C4207C2A-D879-4251-B82B-2FBD0A029FCD}.Release|x64.ActiveCfg = Release|Any CPU
		{C4207C2A-D879-4251-B82B-2FBD0A029FCD}.Release|x64.Build.0 = Release|Any CPU
		{C4207C2A-D879-4251-B82B-2FBD0A029FCD}.Release|x86.ActiveCfg = Release|Any CPU
		{C4207C2A-D879-4251-B82B-2FBD0A029FCD}.Release|x86.Build.0 = Release|Any CPU
		{7244FFA7-60D2-479D-B7F2-6329D8D34C1B}.Debug|Any CPU.ActiveCfg = Debug|Any CPU
		{7244FFA7-60D2-479D-B7F2-6329D8D34C1B}.Debug|Any CPU.Build.0 = Debug|Any CPU
		{7244FFA7-60D2-479D-B7F2-6329D8D34C1B}.Debug|x64.ActiveCfg = Debug|Any CPU
		{7244FFA7-60D2-479D-B7F2-6329D8D34C1B}.Debug|x64.Build.0 = Debug|Any CPU
		{7244FFA7-60D2-479D-B7F2-6329D8D34C1B}.Debug|x86.ActiveCfg = Debug|Any CPU
		{7244FFA7-60D2-479D-B7F2-6329D8D34C1B}.Debug|x86.Build.0 = Debug|Any CPU
		{7244FFA7-60D2-479D-B7F2-6329D8D34C1B}.Release|Any CPU.ActiveCfg = Release|Any CPU
		{7244FFA7-60D2-479D-B7F2-6329D8D34C1B}.Release|Any CPU.Build.0 = Release|Any CPU
		{7244FFA7-60D2-479D-B7F2-6329D8D34C1B}.Release|x64.ActiveCfg = Release|Any CPU
		{7244FFA7-60D2-479D-B7F2-6329D8D34C1B}.Release|x64.Build.0 = Release|Any CPU
		{7244FFA7-60D2-479D-B7F2-6329D8D34C1B}.Release|x86.ActiveCfg = Release|Any CPU
		{7244FFA7-60D2-479D-B7F2-6329D8D34C1B}.Release|x86.Build.0 = Release|Any CPU
		{827633F6-9385-43A5-B797-FFF40496A5F9}.Debug|Any CPU.ActiveCfg = Debug|Any CPU
		{827633F6-9385-43A5-B797-FFF40496A5F9}.Debug|Any CPU.Build.0 = Debug|Any CPU
		{827633F6-9385-43A5-B797-FFF40496A5F9}.Debug|x64.ActiveCfg = Debug|Any CPU
		{827633F6-9385-43A5-B797-FFF40496A5F9}.Debug|x64.Build.0 = Debug|Any CPU
		{827633F6-9385-43A5-B797-FFF40496A5F9}.Debug|x86.ActiveCfg = Debug|Any CPU
		{827633F6-9385-43A5-B797-FFF40496A5F9}.Debug|x86.Build.0 = Debug|Any CPU
		{827633F6-9385-43A5-B797-FFF40496A5F9}.Release|Any CPU.ActiveCfg = Release|Any CPU
		{827633F6-9385-43A5-B797-FFF40496A5F9}.Release|Any CPU.Build.0 = Release|Any CPU
		{827633F6-9385-43A5-B797-FFF40496A5F9}.Release|x64.ActiveCfg = Release|Any CPU
		{827633F6-9385-43A5-B797-FFF40496A5F9}.Release|x64.Build.0 = Release|Any CPU
		{827633F6-9385-43A5-B797-FFF40496A5F9}.Release|x86.ActiveCfg = Release|Any CPU
		{827633F6-9385-43A5-B797-FFF40496A5F9}.Release|x86.Build.0 = Release|Any CPU
		{B8CFA563-3F13-42B0-9EF3-DE8B199666D7}.Debug|Any CPU.ActiveCfg = Debug|Any CPU
		{B8CFA563-3F13-42B0-9EF3-DE8B199666D7}.Debug|Any CPU.Build.0 = Debug|Any CPU
		{B8CFA563-3F13-42B0-9EF3-DE8B199666D7}.Debug|x64.ActiveCfg = Debug|Any CPU
		{B8CFA563-3F13-42B0-9EF3-DE8B199666D7}.Debug|x64.Build.0 = Debug|Any CPU
		{B8CFA563-3F13-42B0-9EF3-DE8B199666D7}.Debug|x86.ActiveCfg = Debug|Any CPU
		{B8CFA563-3F13-42B0-9EF3-DE8B199666D7}.Debug|x86.Build.0 = Debug|Any CPU
		{B8CFA563-3F13-42B0-9EF3-DE8B199666D7}.Release|Any CPU.ActiveCfg = Release|Any CPU
		{B8CFA563-3F13-42B0-9EF3-DE8B199666D7}.Release|Any CPU.Build.0 = Release|Any CPU
		{B8CFA563-3F13-42B0-9EF3-DE8B199666D7}.Release|x64.ActiveCfg = Release|Any CPU
		{B8CFA563-3F13-42B0-9EF3-DE8B199666D7}.Release|x64.Build.0 = Release|Any CPU
		{B8CFA563-3F13-42B0-9EF3-DE8B199666D7}.Release|x86.ActiveCfg = Release|Any CPU
		{B8CFA563-3F13-42B0-9EF3-DE8B199666D7}.Release|x86.Build.0 = Release|Any CPU
		{A5749624-AC19-4405-A325-5415CC66219D}.Debug|Any CPU.ActiveCfg = Debug|Any CPU
		{A5749624-AC19-4405-A325-5415CC66219D}.Debug|Any CPU.Build.0 = Debug|Any CPU
		{A5749624-AC19-4405-A325-5415CC66219D}.Debug|x64.ActiveCfg = Debug|Any CPU
		{A5749624-AC19-4405-A325-5415CC66219D}.Debug|x64.Build.0 = Debug|Any CPU
		{A5749624-AC19-4405-A325-5415CC66219D}.Debug|x86.ActiveCfg = Debug|Any CPU
		{A5749624-AC19-4405-A325-5415CC66219D}.Debug|x86.Build.0 = Debug|Any CPU
		{A5749624-AC19-4405-A325-5415CC66219D}.Release|Any CPU.ActiveCfg = Release|Any CPU
		{A5749624-AC19-4405-A325-5415CC66219D}.Release|Any CPU.Build.0 = Release|Any CPU
		{A5749624-AC19-4405-A325-5415CC66219D}.Release|x64.ActiveCfg = Release|Any CPU
		{A5749624-AC19-4405-A325-5415CC66219D}.Release|x64.Build.0 = Release|Any CPU
		{A5749624-AC19-4405-A325-5415CC66219D}.Release|x86.ActiveCfg = Release|Any CPU
		{A5749624-AC19-4405-A325-5415CC66219D}.Release|x86.Build.0 = Release|Any CPU
		{9C00B1B4-89CE-489C-838A-66FA9A6BAAAF}.Debug|Any CPU.ActiveCfg = Debug|Any CPU
		{9C00B1B4-89CE-489C-838A-66FA9A6BAAAF}.Debug|Any CPU.Build.0 = Debug|Any CPU
		{9C00B1B4-89CE-489C-838A-66FA9A6BAAAF}.Debug|x64.ActiveCfg = Debug|Any CPU
		{9C00B1B4-89CE-489C-838A-66FA9A6BAAAF}.Debug|x64.Build.0 = Debug|Any CPU
		{9C00B1B4-89CE-489C-838A-66FA9A6BAAAF}.Debug|x86.ActiveCfg = Debug|Any CPU
		{9C00B1B4-89CE-489C-838A-66FA9A6BAAAF}.Debug|x86.Build.0 = Debug|Any CPU
		{9C00B1B4-89CE-489C-838A-66FA9A6BAAAF}.Release|Any CPU.ActiveCfg = Release|Any CPU
		{9C00B1B4-89CE-489C-838A-66FA9A6BAAAF}.Release|Any CPU.Build.0 = Release|Any CPU
		{9C00B1B4-89CE-489C-838A-66FA9A6BAAAF}.Release|x64.ActiveCfg = Release|Any CPU
		{9C00B1B4-89CE-489C-838A-66FA9A6BAAAF}.Release|x64.Build.0 = Release|Any CPU
		{9C00B1B4-89CE-489C-838A-66FA9A6BAAAF}.Release|x86.ActiveCfg = Release|Any CPU
		{9C00B1B4-89CE-489C-838A-66FA9A6BAAAF}.Release|x86.Build.0 = Release|Any CPU
	EndGlobalSection
	GlobalSection(SolutionProperties) = preSolution
		HideSolutionNode = FALSE
	EndGlobalSection
	GlobalSection(NestedProjects) = preSolution
		{E4667242-0159-4EFA-8F62-68401024E601} = {1455461C-C336-45B5-B3E3-848FFE5F60E0}
		{C4207C2A-D879-4251-B82B-2FBD0A029FCD} = {1455461C-C336-45B5-B3E3-848FFE5F60E0}
		{7244FFA7-60D2-479D-B7F2-6329D8D34C1B} = {287399B9-76C7-4CDC-98A9-C5C781A46CE8}
		{827633F6-9385-43A5-B797-FFF40496A5F9} = {287399B9-76C7-4CDC-98A9-C5C781A46CE8}
		{A5749624-AC19-4405-A325-5415CC66219D} = {287399B9-76C7-4CDC-98A9-C5C781A46CE8}
		{9C00B1B4-89CE-489C-838A-66FA9A6BAAAF} = {287399B9-76C7-4CDC-98A9-C5C781A46CE8}
	EndGlobalSection
	GlobalSection(ExtensibilityGlobals) = postSolution
		SolutionGuid = {A5831EE1-C2F9-47F8-96BE-A75E3DFF08E6}
	EndGlobalSection
EndGlobal
