
Microsoft Visual Studio Solution File, Format Version 12.00
# Visual Studio 14
VisualStudioVersion = 14.0.25123.0
MinimumVisualStudioVersion = 10.0.40219.1
Project("{2150E333-8FDC-42A3-9474-1A3956D46DE8}") = "Solution Items", "Solution Items", "{D17ACC39-A60C-4870-9126-8C7BB32D0962}"
	ProjectSection(SolutionItems) = preProject
		CSharpFeatures.vsmdi = CSharpFeatures.vsmdi
		Local.testsettings = Local.testsettings
		TraceAndTestImpact.testsettings = TraceAndTestImpact.testsettings
		VS2012NewSettings.testsettings = VS2012NewSettings.testsettings
	EndProjectSection
EndProject
Project("{2150E333-8FDC-42A3-9474-1A3956D46DE8}") = "NH", "NH", "{72D840AE-1675-42DC-A1F1-1708410EF977}"
EndProject
Project("{2150E333-8FDC-42A3-9474-1A3956D46DE8}") = "WCF", "WCF", "{32166AF3-835E-45D9-B2EF-1C1A1739BFF6}"
EndProject
Project("{2150E333-8FDC-42A3-9474-1A3956D46DE8}") = "NewFeatures", "NewFeatures", "{1FF7BBBA-DF5B-4D94-B047-CAC7CA79B210}"
EndProject
Project("{2150E333-8FDC-42A3-9474-1A3956D46DE8}") = "Perfomance", "Perfomance", "{53D9E833-8916-4EE1-B8AF-D88ABEDCECE2}"
EndProject
Project("{FAE04EC0-301F-11D3-BF4B-00C04F79EFBC}") = "CSharpFeatures", "CSharpFeatures\CSharpFeatures.csproj", "{81FEE5F3-5CC1-4CD3-8104-2FFE726271E4}"
EndProject
Project("{FAE04EC0-301F-11D3-BF4B-00C04F79EFBC}") = "CSharpFeaturesTest", "CSharpFeaturesTest\CSharpFeaturesTest.csproj", "{2F4C6811-E132-40C1-AB3A-704EDC94ACC3}"
EndProject
Project("{FAE04EC0-301F-11D3-BF4B-00C04F79EFBC}") = "WCFClient", "WCFClient\WCFClient.csproj", "{FE3C867F-E2A0-4DC6-8082-57B79EC43C34}"
	ProjectSection(ProjectDependencies) = postProject
		{AE92BE4C-C2E2-4554-A34F-7F9641DC1AA4} = {AE92BE4C-C2E2-4554-A34F-7F9641DC1AA4}
	EndProjectSection
EndProject
Project("{FAE04EC0-301F-11D3-BF4B-00C04F79EFBC}") = "WCFService", "WCFService\WCFService.csproj", "{1BA77AC1-49EA-4014-9D65-C6E64981BC82}"
EndProject
Project("{FAE04EC0-301F-11D3-BF4B-00C04F79EFBC}") = "ServiceExtention", "ServiceExtention\ServiceExtention.csproj", "{B1DF65BA-0A93-4E41-9C67-A8EF8D0F1A51}"
EndProject
Project("{F088123C-0E9E-452A-89E6-6BA2F21D5CAC}") = "WCFEngineDesign", "WCFEngineDesign\WCFEngineDesign.modelproj", "{E3D0312B-E491-4B29-A06D-124C806A1A3E}"
EndProject
Project("{FAE04EC0-301F-11D3-BF4B-00C04F79EFBC}") = "NHDemo", "NHDemo\NHDemo.csproj", "{F77022A6-E49F-4951-ADB0-4B07139E8489}"
EndProject
Project("{FAE04EC0-301F-11D3-BF4B-00C04F79EFBC}") = "NHDemoConsole", "NHDemoConsole\NHDemoConsole.csproj", "{97D7684A-9B59-43EB-8DFE-7F66B77DC69E}"
EndProject
Project("{FAE04EC0-301F-11D3-BF4B-00C04F79EFBC}") = "ConfigurationConsole", "ConfigurationConsole\ConfigurationConsole.csproj", "{6841F1DF-3B39-420A-A582-3DCFC2D98E91}"
EndProject
Project("{FAE04EC0-301F-11D3-BF4B-00C04F79EFBC}") = "WCFWebHost", "WCFHost\WCFWebHost.csproj", "{AE92BE4C-C2E2-4554-A34F-7F9641DC1AA4}"
EndProject
Project("{FAE04EC0-301F-11D3-BF4B-00C04F79EFBC}") = "NHDemoTest", "NHDemoTest\NHDemoTest.csproj", "{3DB86A69-AEBB-43B0-8474-C1CAE4481D58}"
EndProject
Project("{FAE04EC0-301F-11D3-BF4B-00C04F79EFBC}") = "WinService", "WinService\WinService.csproj", "{A6386765-726E-4ED4-A4EC-86437E36E074}"
EndProject
Project("{FAE04EC0-301F-11D3-BF4B-00C04F79EFBC}") = "TelChina.Lecture.Perfomance", "Perfomance\TelChina.Lecture.Perfomance\TelChina.Lecture.Perfomance.csproj", "{A307B8A7-E397-4FB3-A870-E5391592B828}"
EndProject
Project("{FAE04EC0-301F-11D3-BF4B-00C04F79EFBC}") = "TelChina.Lecture.Perfomance.Test", "Perfomance\TelChina.Lecture.Perfomance.Test\TelChina.Lecture.Perfomance.Test.csproj", "{1A4E689B-524F-4E6A-8815-76F8E62D2460}"
EndProject
Project("{FAE04EC0-301F-11D3-BF4B-00C04F79EFBC}") = "WCFSelfHosting", "WCFSelfHosting\WCFSelfHosting.csproj", "{099F1B17-4C47-4FEB-9B8F-71B5F17BE6B1}"
EndProject
Project("{FAE04EC0-301F-11D3-BF4B-00C04F79EFBC}") = "ExpressionSerialization", "ExpressionTreeSerialization\ExpressionSerialization\ExpressionSerialization.csproj", "{01ABE4DB-4ABE-4B0E-878B-B42A8C9B6560}"
EndProject
Project("{FAE04EC0-301F-11D3-BF4B-00C04F79EFBC}") = "NuGetTest", "NuGetTest\NuGetTest.csproj", "{454BCEE7-722D-4565-86E0-A3D50C8374B4}"
EndProject
Project("{FAE04EC0-301F-11D3-BF4B-00C04F79EFBC}") = "NuGetServer", "NuGetServer\NuGetServer.csproj", "{6DC4FEF4-9852-447E-A2DA-D944E534A21D}"
EndProject
Project("{FAE04EC0-301F-11D3-BF4B-00C04F79EFBC}") = "ExpressionSerialization_New", "ExpressionTreeSerialization\ExpressionSerialization_New\ExpressionSerialization_New.csproj", "{F8560EA1-BE52-4EBD-AB9E-315882689559}"
EndProject
Project("{2150E333-8FDC-42A3-9474-1A3956D46DE8}") = "WPF", "WPF", "{672D05B5-CDD0-4335-B05A-1A859F65E210}"
EndProject
Project("{FAE04EC0-301F-11D3-BF4B-00C04F79EFBC}") = "WPFApp", "WPFApp\WPFApp.csproj", "{D01575AF-8A17-4E57-8E83-36325FFE6CCD}"
EndProject
Project("{2150E333-8FDC-42A3-9474-1A3956D46DE8}") = "Tools", "Tools", "{42142C19-4552-433A-918A-FEB5D035051F}"
EndProject
Project("{FAE04EC0-301F-11D3-BF4B-00C04F79EFBC}") = "Allen.Util.TestUtil", "Tools\Allen.Util.TestUtil\Allen.Util.TestUtil.csproj", "{372B6AB2-ECC1-475D-98E3-9E43256E8E93}"
EndProject
Project("{FAE04EC0-301F-11D3-BF4B-00C04F79EFBC}") = "Allen.Util.Logging", "Tools\Allen.Util.Logging\Allen.Util.Logging.csproj", "{4542480B-C0B1-442C-985F-F63114F1C817}"
EndProject
Project("{FAE04EC0-301F-11D3-BF4B-00C04F79EFBC}") = "PrivatePathConfigTest", "PrivatePathConfigTest\PrivatePathConfigTest.csproj", "{D4D05F35-3206-45A2-A1C4-EB1BF16E1D23}"
EndProject
Project("{2150E333-8FDC-42A3-9474-1A3956D46DE8}") = "DataStructure", "DataStructure", "{64B67558-6181-4D09-8209-8F3892CE0446}"
EndProject
Project("{FAE04EC0-301F-11D3-BF4B-00C04F79EFBC}") = "DataStructure", "DataStructure\DataStructure.csproj", "{C64A0EC7-D763-41C3-AC03-C05CDB129BC4}"
EndProject
Project("{FAE04EC0-301F-11D3-BF4B-00C04F79EFBC}") = "DataStructureTest", "DataStructureTest\DataStructureTest.csproj", "{BE276461-16A4-4607-A9FF-5918243CCA34}"
EndProject
Project("{2150E333-8FDC-42A3-9474-1A3956D46DE8}") = "Web", "Web", "{DAF7B7ED-3D59-4601-ABF6-DD56FE9A3EA6}"
EndProject
Project("{FAE04EC0-301F-11D3-BF4B-00C04F79EFBC}") = "VS2013OneWebApp", "VS2013OneWebApp\VS2013OneWebApp.csproj", "{555D5F28-2098-4C51-8466-40E6A0726FC6}"
EndProject
Project("{2150E333-8FDC-42A3-9474-1A3956D46DE8}") = "AssemblyLoad", "AssemblyLoad", "{2FDB3759-C7EE-4A89-9418-AC487ED74572}"
	ProjectSection(SolutionItems) = preProject
		意图.txt = 意图.txt
	EndProjectSection
EndProject
Project("{FAE04EC0-301F-11D3-BF4B-00C04F79EFBC}") = "Contract", "AssemblyLoad\Contract\Contract.csproj", "{50B699C5-FE10-4EFE-B20B-DD52526C46FE}"
EndProject
Project("{FAE04EC0-301F-11D3-BF4B-00C04F79EFBC}") = "Implement", "AssemblyLoad\Implement\Implement.csproj", "{A1DAD634-F927-44F7-8512-F68FD8CC8B50}"
EndProject
Project("{FAE04EC0-301F-11D3-BF4B-00C04F79EFBC}") = "Referenced", "AssemblyLoad\Referenced\Referenced.csproj", "{E4BBE2EE-447B-4AF1-ABD8-989F0658AC83}"
EndProject
Project("{FAE04EC0-301F-11D3-BF4B-00C04F79EFBC}") = "Console", "AssemblyLoad\Console\Console.csproj", "{1A46C7B0-B1D1-4BC4-AED0-4263E25F933F}"
EndProject
Project("{FAE04EC0-301F-11D3-BF4B-00C04F79EFBC}") = "Framework", "AssemblyLoad\Framework\Framework.csproj", "{B692BDC9-F8B6-40DB-A45F-0287D7E7EE54}"
EndProject
Project("{FAE04EC0-301F-11D3-BF4B-00C04F79EFBC}") = "ImplementV2", "AssemblyLoad\ImplementV2\ImplementV2.csproj", "{8F4178EA-A759-4FBE-8E61-A00AD61E641F}"
EndProject
Project("{FAE04EC0-301F-11D3-BF4B-00C04F79EFBC}") = "ReferencedV3", "AssemblyLoad\ReferencedV2\ReferencedV3.csproj", "{24ACBF50-9DC7-4DD5-8618-841E5C5F6D75}"
EndProject
Project("{2150E333-8FDC-42A3-9474-1A3956D46DE8}") = "WebAPI", "WebAPI", "{7011BCDB-77F6-4D66-9F4C-C610A8C22D69}"
EndProject
Project("{2150E333-8FDC-42A3-9474-1A3956D46DE8}") = "Design", "Design", "{02AC6222-02EC-4B7E-9B9A-5049774CB936}"
EndProject
Project("{FAE04EC0-301F-11D3-BF4B-00C04F79EFBC}") = "QueryPlan", "QueryPlan\QueryPlan.csproj", "{539DB6AD-E5B3-4E90-AE43-9A3929254B5A}"
EndProject
Project("{2150E333-8FDC-42A3-9474-1A3956D46DE8}") = "PL", "PL", "{5CCCC610-B97D-4AA4-AC21-AA7478768774}"
EndProject
Project("{2150E333-8FDC-42A3-9474-1A3956D46DE8}") = "EF", "EF", "{8C72CC6B-D11D-461E-899C-FB212D56544D}"
EndProject
Project("{FAE04EC0-301F-11D3-BF4B-00C04F79EFBC}") = "EFDemo", "PL\EFDemo\EFDemo.csproj", "{3C6A92A3-0191-4C0D-8276-50F0B351A9D2}"
EndProject
Project("{FAE04EC0-301F-11D3-BF4B-00C04F79EFBC}") = "EFDemoTest", "PL\EFDemoTest\EFDemoTest.csproj", "{0B8029EE-8A39-48B4-AC81-99FDE6E50244}"
EndProject
Project("{2150E333-8FDC-42A3-9474-1A3956D46DE8}") = "Svc", "Svc", "{78364B0F-0180-466C-9509-D4B241EE80DF}"
EndProject
Project("{FAE04EC0-301F-11D3-BF4B-00C04F79EFBC}") = "SelfHostingWebApi", "Svc\SelfHostingWebApi\SelfHostingWebApi.csproj", "{79777B81-41D2-43E3-938F-C241D846E82E}"
EndProject
Project("{FAE04EC0-301F-11D3-BF4B-00C04F79EFBC}") = "WebApiSelfHosting", "Svc\WebApiSelfHosting\WebApiSelfHosting.csproj", "{5034BE0A-92B1-4A21-BC92-A9F45077EF3C}"
EndProject
Project("{2150E333-8FDC-42A3-9474-1A3956D46DE8}") = "Net", "Net", "{7E4E39B4-6988-4A01-94E1-D6E2E3AD797F}"
EndProject
Project("{FAE04EC0-301F-11D3-BF4B-00C04F79EFBC}") = "FileTransferSvc", "Net\FileTransfer\FileTransferSvc.csproj", "{74513DED-CDE3-44E4-A55C-466A1670D1B3}"
EndProject
Project("{FAE04EC0-301F-11D3-BF4B-00C04F79EFBC}") = "FileTransferServer", "Net\FileTransferServer\FileTransferServer.csproj", "{E92A220B-9E92-4233-877D-1BDE1A56FFE0}"
EndProject
Project("{FAE04EC0-301F-11D3-BF4B-00C04F79EFBC}") = "AppUpgradeClient", "Net\AppUpgradeClient\AppUpgradeClient.csproj", "{58727C1F-A593-41A9-B38F-7DAA161A5434}"
EndProject
Project("{2150E333-8FDC-42A3-9474-1A3956D46DE8}") = "FileSearch", "FileSearch", "{09E362F7-4635-4885-8DCF-A022E2C2E2EE}"
EndProject
Project("{FAE04EC0-301F-11D3-BF4B-00C04F79EFBC}") = "EverythingFileSearcher", "Tools\EverythingFileSearcher\EverythingFileSearcher.csproj", "{22A7C8CC-C3B8-41E3-8913-80A8DF9B669A}"
EndProject
Project("{FAE04EC0-301F-11D3-BF4B-00C04F79EFBC}") = "CSharpRefTree", "Tools\CSharpRefTree\CSharpRefTree.csproj", "{08DFC162-A264-410A-A958-FF7981E8789A}"
EndProject
Project("{FAE04EC0-301F-11D3-BF4B-00C04F79EFBC}") = "SolutionMaker.Core", "Tools\SolutionMaker.Core\SolutionMaker.Core.csproj", "{CECE6250-4F31-42A2-8A95-B81D763D1A0B}"
EndProject
Project("{FAE04EC0-301F-11D3-BF4B-00C04F79EFBC}") = "SolutionMaker.Command", "Tools\SolutionMaker.Command\SolutionMaker.Command.csproj", "{BCCF11B6-7717-43C4-9199-761FA43B089B}"
EndProject
Global
	GlobalSection(SolutionConfigurationPlatforms) = preSolution
		Debug|Any CPU = Debug|Any CPU
		Debug|Mixed Platforms = Debug|Mixed Platforms
		Debug|x86 = Debug|x86
		Release|Any CPU = Release|Any CPU
		Release|Mixed Platforms = Release|Mixed Platforms
		Release|x86 = Release|x86
	EndGlobalSection
	GlobalSection(ProjectConfigurationPlatforms) = postSolution
		{81FEE5F3-5CC1-4CD3-8104-2FFE726271E4}.Debug|Any CPU.ActiveCfg = Debug|Any CPU
		{81FEE5F3-5CC1-4CD3-8104-2FFE726271E4}.Debug|Any CPU.Build.0 = Debug|Any CPU
		{81FEE5F3-5CC1-4CD3-8104-2FFE726271E4}.Debug|Mixed Platforms.ActiveCfg = Debug|Any CPU
		{81FEE5F3-5CC1-4CD3-8104-2FFE726271E4}.Debug|Mixed Platforms.Build.0 = Debug|Any CPU
		{81FEE5F3-5CC1-4CD3-8104-2FFE726271E4}.Debug|x86.ActiveCfg = Debug|Any CPU
		{81FEE5F3-5CC1-4CD3-8104-2FFE726271E4}.Release|Any CPU.ActiveCfg = Release|Any CPU
		{81FEE5F3-5CC1-4CD3-8104-2FFE726271E4}.Release|Any CPU.Build.0 = Release|Any CPU
		{81FEE5F3-5CC1-4CD3-8104-2FFE726271E4}.Release|Mixed Platforms.ActiveCfg = Release|Any CPU
		{81FEE5F3-5CC1-4CD3-8104-2FFE726271E4}.Release|Mixed Platforms.Build.0 = Release|Any CPU
		{81FEE5F3-5CC1-4CD3-8104-2FFE726271E4}.Release|x86.ActiveCfg = Release|Any CPU
		{2F4C6811-E132-40C1-AB3A-704EDC94ACC3}.Debug|Any CPU.ActiveCfg = Debug|Any CPU
		{2F4C6811-E132-40C1-AB3A-704EDC94ACC3}.Debug|Any CPU.Build.0 = Debug|Any CPU
		{2F4C6811-E132-40C1-AB3A-704EDC94ACC3}.Debug|Mixed Platforms.ActiveCfg = Debug|Any CPU
		{2F4C6811-E132-40C1-AB3A-704EDC94ACC3}.Debug|Mixed Platforms.Build.0 = Debug|Any CPU
		{2F4C6811-E132-40C1-AB3A-704EDC94ACC3}.Debug|x86.ActiveCfg = Debug|Any CPU
		{2F4C6811-E132-40C1-AB3A-704EDC94ACC3}.Release|Any CPU.ActiveCfg = Release|Any CPU
		{2F4C6811-E132-40C1-AB3A-704EDC94ACC3}.Release|Any CPU.Build.0 = Release|Any CPU
		{2F4C6811-E132-40C1-AB3A-704EDC94ACC3}.Release|Mixed Platforms.ActiveCfg = Release|Any CPU
		{2F4C6811-E132-40C1-AB3A-704EDC94ACC3}.Release|Mixed Platforms.Build.0 = Release|Any CPU
		{2F4C6811-E132-40C1-AB3A-704EDC94ACC3}.Release|x86.ActiveCfg = Release|Any CPU
		{FE3C867F-E2A0-4DC6-8082-57B79EC43C34}.Debug|Any CPU.ActiveCfg = Debug|x86
		{FE3C867F-E2A0-4DC6-8082-57B79EC43C34}.Debug|Mixed Platforms.ActiveCfg = Debug|x86
		{FE3C867F-E2A0-4DC6-8082-57B79EC43C34}.Debug|Mixed Platforms.Build.0 = Debug|x86
		{FE3C867F-E2A0-4DC6-8082-57B79EC43C34}.Debug|x86.ActiveCfg = Debug|x86
		{FE3C867F-E2A0-4DC6-8082-57B79EC43C34}.Debug|x86.Build.0 = Debug|x86
		{FE3C867F-E2A0-4DC6-8082-57B79EC43C34}.Release|Any CPU.ActiveCfg = Release|x86
		{FE3C867F-E2A0-4DC6-8082-57B79EC43C34}.Release|Mixed Platforms.ActiveCfg = Release|x86
		{FE3C867F-E2A0-4DC6-8082-57B79EC43C34}.Release|Mixed Platforms.Build.0 = Release|x86
		{FE3C867F-E2A0-4DC6-8082-57B79EC43C34}.Release|x86.ActiveCfg = Release|x86
		{FE3C867F-E2A0-4DC6-8082-57B79EC43C34}.Release|x86.Build.0 = Release|x86
		{1BA77AC1-49EA-4014-9D65-C6E64981BC82}.Debug|Any CPU.ActiveCfg = Debug|Any CPU
		{1BA77AC1-49EA-4014-9D65-C6E64981BC82}.Debug|Any CPU.Build.0 = Debug|Any CPU
		{1BA77AC1-49EA-4014-9D65-C6E64981BC82}.Debug|Mixed Platforms.ActiveCfg = Debug|Any CPU
		{1BA77AC1-49EA-4014-9D65-C6E64981BC82}.Debug|Mixed Platforms.Build.0 = Debug|Any CPU
		{1BA77AC1-49EA-4014-9D65-C6E64981BC82}.Debug|x86.ActiveCfg = Debug|Any CPU
		{1BA77AC1-49EA-4014-9D65-C6E64981BC82}.Release|Any CPU.ActiveCfg = Release|Any CPU
		{1BA77AC1-49EA-4014-9D65-C6E64981BC82}.Release|Any CPU.Build.0 = Release|Any CPU
		{1BA77AC1-49EA-4014-9D65-C6E64981BC82}.Release|Mixed Platforms.ActiveCfg = Release|Any CPU
		{1BA77AC1-49EA-4014-9D65-C6E64981BC82}.Release|Mixed Platforms.Build.0 = Release|Any CPU
		{1BA77AC1-49EA-4014-9D65-C6E64981BC82}.Release|x86.ActiveCfg = Release|Any CPU
		{B1DF65BA-0A93-4E41-9C67-A8EF8D0F1A51}.Debug|Any CPU.ActiveCfg = Debug|Any CPU
		{B1DF65BA-0A93-4E41-9C67-A8EF8D0F1A51}.Debug|Any CPU.Build.0 = Debug|Any CPU
		{B1DF65BA-0A93-4E41-9C67-A8EF8D0F1A51}.Debug|Mixed Platforms.ActiveCfg = Debug|Any CPU
		{B1DF65BA-0A93-4E41-9C67-A8EF8D0F1A51}.Debug|Mixed Platforms.Build.0 = Debug|Any CPU
		{B1DF65BA-0A93-4E41-9C67-A8EF8D0F1A51}.Debug|x86.ActiveCfg = Debug|Any CPU
		{B1DF65BA-0A93-4E41-9C67-A8EF8D0F1A51}.Release|Any CPU.ActiveCfg = Release|Any CPU
		{B1DF65BA-0A93-4E41-9C67-A8EF8D0F1A51}.Release|Any CPU.Build.0 = Release|Any CPU
		{B1DF65BA-0A93-4E41-9C67-A8EF8D0F1A51}.Release|Mixed Platforms.ActiveCfg = Release|Any CPU
		{B1DF65BA-0A93-4E41-9C67-A8EF8D0F1A51}.Release|Mixed Platforms.Build.0 = Release|Any CPU
		{B1DF65BA-0A93-4E41-9C67-A8EF8D0F1A51}.Release|x86.ActiveCfg = Release|Any CPU
		{E3D0312B-E491-4B29-A06D-124C806A1A3E}.Debug|Any CPU.ActiveCfg = Debug|Any CPU
		{E3D0312B-E491-4B29-A06D-124C806A1A3E}.Debug|Any CPU.Build.0 = Debug|Any CPU
		{E3D0312B-E491-4B29-A06D-124C806A1A3E}.Debug|Mixed Platforms.ActiveCfg = Debug|Any CPU
		{E3D0312B-E491-4B29-A06D-124C806A1A3E}.Debug|Mixed Platforms.Build.0 = Debug|Any CPU
		{E3D0312B-E491-4B29-A06D-124C806A1A3E}.Debug|x86.ActiveCfg = Debug|Any CPU
		{E3D0312B-E491-4B29-A06D-124C806A1A3E}.Release|Any CPU.ActiveCfg = Release|Any CPU
		{E3D0312B-E491-4B29-A06D-124C806A1A3E}.Release|Any CPU.Build.0 = Release|Any CPU
		{E3D0312B-E491-4B29-A06D-124C806A1A3E}.Release|Mixed Platforms.ActiveCfg = Release|Any CPU
		{E3D0312B-E491-4B29-A06D-124C806A1A3E}.Release|Mixed Platforms.Build.0 = Release|Any CPU
		{E3D0312B-E491-4B29-A06D-124C806A1A3E}.Release|x86.ActiveCfg = Release|Any CPU
		{F77022A6-E49F-4951-ADB0-4B07139E8489}.Debug|Any CPU.ActiveCfg = Debug|Any CPU
		{F77022A6-E49F-4951-ADB0-4B07139E8489}.Debug|Any CPU.Build.0 = Debug|Any CPU
		{F77022A6-E49F-4951-ADB0-4B07139E8489}.Debug|Mixed Platforms.ActiveCfg = Debug|Any CPU
		{F77022A6-E49F-4951-ADB0-4B07139E8489}.Debug|Mixed Platforms.Build.0 = Debug|Any CPU
		{F77022A6-E49F-4951-ADB0-4B07139E8489}.Debug|x86.ActiveCfg = Debug|Any CPU
		{F77022A6-E49F-4951-ADB0-4B07139E8489}.Release|Any CPU.ActiveCfg = Release|Any CPU
		{F77022A6-E49F-4951-ADB0-4B07139E8489}.Release|Any CPU.Build.0 = Release|Any CPU
		{F77022A6-E49F-4951-ADB0-4B07139E8489}.Release|Mixed Platforms.ActiveCfg = Release|Any CPU
		{F77022A6-E49F-4951-ADB0-4B07139E8489}.Release|Mixed Platforms.Build.0 = Release|Any CPU
		{F77022A6-E49F-4951-ADB0-4B07139E8489}.Release|x86.ActiveCfg = Release|Any CPU
		{97D7684A-9B59-43EB-8DFE-7F66B77DC69E}.Debug|Any CPU.ActiveCfg = Debug|x86
		{97D7684A-9B59-43EB-8DFE-7F66B77DC69E}.Debug|Mixed Platforms.ActiveCfg = Debug|x86
		{97D7684A-9B59-43EB-8DFE-7F66B77DC69E}.Debug|Mixed Platforms.Build.0 = Debug|x86
		{97D7684A-9B59-43EB-8DFE-7F66B77DC69E}.Debug|x86.ActiveCfg = Debug|x86
		{97D7684A-9B59-43EB-8DFE-7F66B77DC69E}.Debug|x86.Build.0 = Debug|x86
		{97D7684A-9B59-43EB-8DFE-7F66B77DC69E}.Release|Any CPU.ActiveCfg = Release|x86
		{97D7684A-9B59-43EB-8DFE-7F66B77DC69E}.Release|Mixed Platforms.ActiveCfg = Release|x86
		{97D7684A-9B59-43EB-8DFE-7F66B77DC69E}.Release|Mixed Platforms.Build.0 = Release|x86
		{97D7684A-9B59-43EB-8DFE-7F66B77DC69E}.Release|x86.ActiveCfg = Release|x86
		{97D7684A-9B59-43EB-8DFE-7F66B77DC69E}.Release|x86.Build.0 = Release|x86
		{6841F1DF-3B39-420A-A582-3DCFC2D98E91}.Debug|Any CPU.ActiveCfg = Debug|x86
		{6841F1DF-3B39-420A-A582-3DCFC2D98E91}.Debug|Mixed Platforms.ActiveCfg = Debug|x86
		{6841F1DF-3B39-420A-A582-3DCFC2D98E91}.Debug|Mixed Platforms.Build.0 = Debug|x86
		{6841F1DF-3B39-420A-A582-3DCFC2D98E91}.Debug|x86.ActiveCfg = Debug|x86
		{6841F1DF-3B39-420A-A582-3DCFC2D98E91}.Debug|x86.Build.0 = Debug|x86
		{6841F1DF-3B39-420A-A582-3DCFC2D98E91}.Release|Any CPU.ActiveCfg = Release|x86
		{6841F1DF-3B39-420A-A582-3DCFC2D98E91}.Release|Mixed Platforms.ActiveCfg = Release|x86
		{6841F1DF-3B39-420A-A582-3DCFC2D98E91}.Release|Mixed Platforms.Build.0 = Release|x86
		{6841F1DF-3B39-420A-A582-3DCFC2D98E91}.Release|x86.ActiveCfg = Release|x86
		{6841F1DF-3B39-420A-A582-3DCFC2D98E91}.Release|x86.Build.0 = Release|x86
		{AE92BE4C-C2E2-4554-A34F-7F9641DC1AA4}.Debug|Any CPU.ActiveCfg = Debug|Any CPU
		{AE92BE4C-C2E2-4554-A34F-7F9641DC1AA4}.Debug|Any CPU.Build.0 = Debug|Any CPU
		{AE92BE4C-C2E2-4554-A34F-7F9641DC1AA4}.Debug|Mixed Platforms.ActiveCfg = Debug|Any CPU
		{AE92BE4C-C2E2-4554-A34F-7F9641DC1AA4}.Debug|Mixed Platforms.Build.0 = Debug|Any CPU
		{AE92BE4C-C2E2-4554-A34F-7F9641DC1AA4}.Debug|x86.ActiveCfg = Debug|Any CPU
		{AE92BE4C-C2E2-4554-A34F-7F9641DC1AA4}.Release|Any CPU.ActiveCfg = Release|Any CPU
		{AE92BE4C-C2E2-4554-A34F-7F9641DC1AA4}.Release|Any CPU.Build.0 = Release|Any CPU
		{AE92BE4C-C2E2-4554-A34F-7F9641DC1AA4}.Release|Mixed Platforms.ActiveCfg = Release|Any CPU
		{AE92BE4C-C2E2-4554-A34F-7F9641DC1AA4}.Release|Mixed Platforms.Build.0 = Release|Any CPU
		{AE92BE4C-C2E2-4554-A34F-7F9641DC1AA4}.Release|x86.ActiveCfg = Release|Any CPU
		{3DB86A69-AEBB-43B0-8474-C1CAE4481D58}.Debug|Any CPU.ActiveCfg = Debug|Any CPU
		{3DB86A69-AEBB-43B0-8474-C1CAE4481D58}.Debug|Any CPU.Build.0 = Debug|Any CPU
		{3DB86A69-AEBB-43B0-8474-C1CAE4481D58}.Debug|Mixed Platforms.ActiveCfg = Debug|Any CPU
		{3DB86A69-AEBB-43B0-8474-C1CAE4481D58}.Debug|Mixed Platforms.Build.0 = Debug|Any CPU
		{3DB86A69-AEBB-43B0-8474-C1CAE4481D58}.Debug|x86.ActiveCfg = Debug|Any CPU
		{3DB86A69-AEBB-43B0-8474-C1CAE4481D58}.Release|Any CPU.ActiveCfg = Release|Any CPU
		{3DB86A69-AEBB-43B0-8474-C1CAE4481D58}.Release|Any CPU.Build.0 = Release|Any CPU
		{3DB86A69-AEBB-43B0-8474-C1CAE4481D58}.Release|Mixed Platforms.ActiveCfg = Release|Any CPU
		{3DB86A69-AEBB-43B0-8474-C1CAE4481D58}.Release|Mixed Platforms.Build.0 = Release|Any CPU
		{3DB86A69-AEBB-43B0-8474-C1CAE4481D58}.Release|x86.ActiveCfg = Release|Any CPU
		{A6386765-726E-4ED4-A4EC-86437E36E074}.Debug|Any CPU.ActiveCfg = Debug|x86
		{A6386765-726E-4ED4-A4EC-86437E36E074}.Debug|Mixed Platforms.ActiveCfg = Debug|x86
		{A6386765-726E-4ED4-A4EC-86437E36E074}.Debug|Mixed Platforms.Build.0 = Debug|x86
		{A6386765-726E-4ED4-A4EC-86437E36E074}.Debug|x86.ActiveCfg = Debug|x86
		{A6386765-726E-4ED4-A4EC-86437E36E074}.Debug|x86.Build.0 = Debug|x86
		{A6386765-726E-4ED4-A4EC-86437E36E074}.Release|Any CPU.ActiveCfg = Release|x86
		{A6386765-726E-4ED4-A4EC-86437E36E074}.Release|Mixed Platforms.ActiveCfg = Release|x86
		{A6386765-726E-4ED4-A4EC-86437E36E074}.Release|Mixed Platforms.Build.0 = Release|x86
		{A6386765-726E-4ED4-A4EC-86437E36E074}.Release|x86.ActiveCfg = Release|x86
		{A6386765-726E-4ED4-A4EC-86437E36E074}.Release|x86.Build.0 = Release|x86
		{A307B8A7-E397-4FB3-A870-E5391592B828}.Debug|Any CPU.ActiveCfg = Debug|Any CPU
		{A307B8A7-E397-4FB3-A870-E5391592B828}.Debug|Any CPU.Build.0 = Debug|Any CPU
		{A307B8A7-E397-4FB3-A870-E5391592B828}.Debug|Mixed Platforms.ActiveCfg = Debug|Any CPU
		{A307B8A7-E397-4FB3-A870-E5391592B828}.Debug|Mixed Platforms.Build.0 = Debug|Any CPU
		{A307B8A7-E397-4FB3-A870-E5391592B828}.Debug|x86.ActiveCfg = Debug|Any CPU
		{A307B8A7-E397-4FB3-A870-E5391592B828}.Release|Any CPU.ActiveCfg = Release|Any CPU
		{A307B8A7-E397-4FB3-A870-E5391592B828}.Release|Any CPU.Build.0 = Release|Any CPU
		{A307B8A7-E397-4FB3-A870-E5391592B828}.Release|Mixed Platforms.ActiveCfg = Release|Any CPU
		{A307B8A7-E397-4FB3-A870-E5391592B828}.Release|Mixed Platforms.Build.0 = Release|Any CPU
		{A307B8A7-E397-4FB3-A870-E5391592B828}.Release|x86.ActiveCfg = Release|Any CPU
		{1A4E689B-524F-4E6A-8815-76F8E62D2460}.Debug|Any CPU.ActiveCfg = Debug|Any CPU
		{1A4E689B-524F-4E6A-8815-76F8E62D2460}.Debug|Any CPU.Build.0 = Debug|Any CPU
		{1A4E689B-524F-4E6A-8815-76F8E62D2460}.Debug|Mixed Platforms.ActiveCfg = Debug|Any CPU
		{1A4E689B-524F-4E6A-8815-76F8E62D2460}.Debug|Mixed Platforms.Build.0 = Debug|Any CPU
		{1A4E689B-524F-4E6A-8815-76F8E62D2460}.Debug|x86.ActiveCfg = Debug|Any CPU
		{1A4E689B-524F-4E6A-8815-76F8E62D2460}.Release|Any CPU.ActiveCfg = Release|Any CPU
		{1A4E689B-524F-4E6A-8815-76F8E62D2460}.Release|Any CPU.Build.0 = Release|Any CPU
		{1A4E689B-524F-4E6A-8815-76F8E62D2460}.Release|Mixed Platforms.ActiveCfg = Release|Any CPU
		{1A4E689B-524F-4E6A-8815-76F8E62D2460}.Release|Mixed Platforms.Build.0 = Release|Any CPU
		{1A4E689B-524F-4E6A-8815-76F8E62D2460}.Release|x86.ActiveCfg = Release|Any CPU
		{099F1B17-4C47-4FEB-9B8F-71B5F17BE6B1}.Debug|Any CPU.ActiveCfg = Debug|x86
		{099F1B17-4C47-4FEB-9B8F-71B5F17BE6B1}.Debug|Mixed Platforms.ActiveCfg = Debug|x86
		{099F1B17-4C47-4FEB-9B8F-71B5F17BE6B1}.Debug|Mixed Platforms.Build.0 = Debug|x86
		{099F1B17-4C47-4FEB-9B8F-71B5F17BE6B1}.Debug|x86.ActiveCfg = Debug|x86
		{099F1B17-4C47-4FEB-9B8F-71B5F17BE6B1}.Debug|x86.Build.0 = Debug|x86
		{099F1B17-4C47-4FEB-9B8F-71B5F17BE6B1}.Release|Any CPU.ActiveCfg = Release|x86
		{099F1B17-4C47-4FEB-9B8F-71B5F17BE6B1}.Release|Mixed Platforms.ActiveCfg = Release|x86
		{099F1B17-4C47-4FEB-9B8F-71B5F17BE6B1}.Release|Mixed Platforms.Build.0 = Release|x86
		{099F1B17-4C47-4FEB-9B8F-71B5F17BE6B1}.Release|x86.ActiveCfg = Release|x86
		{099F1B17-4C47-4FEB-9B8F-71B5F17BE6B1}.Release|x86.Build.0 = Release|x86
		{01ABE4DB-4ABE-4B0E-878B-B42A8C9B6560}.Debug|Any CPU.ActiveCfg = Debug|Any CPU
		{01ABE4DB-4ABE-4B0E-878B-B42A8C9B6560}.Debug|Any CPU.Build.0 = Debug|Any CPU
		{01ABE4DB-4ABE-4B0E-878B-B42A8C9B6560}.Debug|Mixed Platforms.ActiveCfg = Debug|Any CPU
		{01ABE4DB-4ABE-4B0E-878B-B42A8C9B6560}.Debug|Mixed Platforms.Build.0 = Debug|Any CPU
		{01ABE4DB-4ABE-4B0E-878B-B42A8C9B6560}.Debug|x86.ActiveCfg = Debug|Any CPU
		{01ABE4DB-4ABE-4B0E-878B-B42A8C9B6560}.Release|Any CPU.ActiveCfg = Release|Any CPU
		{01ABE4DB-4ABE-4B0E-878B-B42A8C9B6560}.Release|Any CPU.Build.0 = Release|Any CPU
		{01ABE4DB-4ABE-4B0E-878B-B42A8C9B6560}.Release|Mixed Platforms.ActiveCfg = Release|Any CPU
		{01ABE4DB-4ABE-4B0E-878B-B42A8C9B6560}.Release|Mixed Platforms.Build.0 = Release|Any CPU
		{01ABE4DB-4ABE-4B0E-878B-B42A8C9B6560}.Release|x86.ActiveCfg = Release|Any CPU
		{454BCEE7-722D-4565-86E0-A3D50C8374B4}.Debug|Any CPU.ActiveCfg = Debug|x86
		{454BCEE7-722D-4565-86E0-A3D50C8374B4}.Debug|Mixed Platforms.ActiveCfg = Debug|x86
		{454BCEE7-722D-4565-86E0-A3D50C8374B4}.Debug|Mixed Platforms.Build.0 = Debug|x86
		{454BCEE7-722D-4565-86E0-A3D50C8374B4}.Debug|x86.ActiveCfg = Debug|x86
		{454BCEE7-722D-4565-86E0-A3D50C8374B4}.Debug|x86.Build.0 = Debug|x86
		{454BCEE7-722D-4565-86E0-A3D50C8374B4}.Release|Any CPU.ActiveCfg = Release|x86
		{454BCEE7-722D-4565-86E0-A3D50C8374B4}.Release|Mixed Platforms.ActiveCfg = Release|x86
		{454BCEE7-722D-4565-86E0-A3D50C8374B4}.Release|Mixed Platforms.Build.0 = Release|x86
		{454BCEE7-722D-4565-86E0-A3D50C8374B4}.Release|x86.ActiveCfg = Release|x86
		{454BCEE7-722D-4565-86E0-A3D50C8374B4}.Release|x86.Build.0 = Release|x86
		{6DC4FEF4-9852-447E-A2DA-D944E534A21D}.Debug|Any CPU.ActiveCfg = Debug|Any CPU
		{6DC4FEF4-9852-447E-A2DA-D944E534A21D}.Debug|Any CPU.Build.0 = Debug|Any CPU
		{6DC4FEF4-9852-447E-A2DA-D944E534A21D}.Debug|Mixed Platforms.ActiveCfg = Debug|Any CPU
		{6DC4FEF4-9852-447E-A2DA-D944E534A21D}.Debug|Mixed Platforms.Build.0 = Debug|Any CPU
		{6DC4FEF4-9852-447E-A2DA-D944E534A21D}.Debug|x86.ActiveCfg = Debug|Any CPU
		{6DC4FEF4-9852-447E-A2DA-D944E534A21D}.Release|Any CPU.ActiveCfg = Release|Any CPU
		{6DC4FEF4-9852-447E-A2DA-D944E534A21D}.Release|Any CPU.Build.0 = Release|Any CPU
		{6DC4FEF4-9852-447E-A2DA-D944E534A21D}.Release|Mixed Platforms.ActiveCfg = Release|Any CPU
		{6DC4FEF4-9852-447E-A2DA-D944E534A21D}.Release|Mixed Platforms.Build.0 = Release|Any CPU
		{6DC4FEF4-9852-447E-A2DA-D944E534A21D}.Release|x86.ActiveCfg = Release|Any CPU
		{F8560EA1-BE52-4EBD-AB9E-315882689559}.Debug|Any CPU.ActiveCfg = Debug|Any CPU
		{F8560EA1-BE52-4EBD-AB9E-315882689559}.Debug|Any CPU.Build.0 = Debug|Any CPU
		{F8560EA1-BE52-4EBD-AB9E-315882689559}.Debug|Mixed Platforms.ActiveCfg = Debug|Any CPU
		{F8560EA1-BE52-4EBD-AB9E-315882689559}.Debug|Mixed Platforms.Build.0 = Debug|Any CPU
		{F8560EA1-BE52-4EBD-AB9E-315882689559}.Debug|x86.ActiveCfg = Debug|Any CPU
		{F8560EA1-BE52-4EBD-AB9E-315882689559}.Release|Any CPU.ActiveCfg = Release|Any CPU
		{F8560EA1-BE52-4EBD-AB9E-315882689559}.Release|Any CPU.Build.0 = Release|Any CPU
		{F8560EA1-BE52-4EBD-AB9E-315882689559}.Release|Mixed Platforms.ActiveCfg = Release|Any CPU
		{F8560EA1-BE52-4EBD-AB9E-315882689559}.Release|Mixed Platforms.Build.0 = Release|Any CPU
		{F8560EA1-BE52-4EBD-AB9E-315882689559}.Release|x86.ActiveCfg = Release|Any CPU
		{D01575AF-8A17-4E57-8E83-36325FFE6CCD}.Debug|Any CPU.ActiveCfg = Debug|Any CPU
		{D01575AF-8A17-4E57-8E83-36325FFE6CCD}.Debug|Any CPU.Build.0 = Debug|Any CPU
		{D01575AF-8A17-4E57-8E83-36325FFE6CCD}.Debug|Mixed Platforms.ActiveCfg = Debug|Any CPU
		{D01575AF-8A17-4E57-8E83-36325FFE6CCD}.Debug|Mixed Platforms.Build.0 = Debug|Any CPU
		{D01575AF-8A17-4E57-8E83-36325FFE6CCD}.Debug|x86.ActiveCfg = Debug|Any CPU
		{D01575AF-8A17-4E57-8E83-36325FFE6CCD}.Release|Any CPU.ActiveCfg = Release|Any CPU
		{D01575AF-8A17-4E57-8E83-36325FFE6CCD}.Release|Any CPU.Build.0 = Release|Any CPU
		{D01575AF-8A17-4E57-8E83-36325FFE6CCD}.Release|Mixed Platforms.ActiveCfg = Release|Any CPU
		{D01575AF-8A17-4E57-8E83-36325FFE6CCD}.Release|Mixed Platforms.Build.0 = Release|Any CPU
		{D01575AF-8A17-4E57-8E83-36325FFE6CCD}.Release|x86.ActiveCfg = Release|Any CPU
		{372B6AB2-ECC1-475D-98E3-9E43256E8E93}.Debug|Any CPU.ActiveCfg = Debug|Any CPU
		{372B6AB2-ECC1-475D-98E3-9E43256E8E93}.Debug|Any CPU.Build.0 = Debug|Any CPU
		{372B6AB2-ECC1-475D-98E3-9E43256E8E93}.Debug|Mixed Platforms.ActiveCfg = Debug|Any CPU
		{372B6AB2-ECC1-475D-98E3-9E43256E8E93}.Debug|Mixed Platforms.Build.0 = Debug|Any CPU
		{372B6AB2-ECC1-475D-98E3-9E43256E8E93}.Debug|x86.ActiveCfg = Debug|Any CPU
		{372B6AB2-ECC1-475D-98E3-9E43256E8E93}.Release|Any CPU.ActiveCfg = Release|Any CPU
		{372B6AB2-ECC1-475D-98E3-9E43256E8E93}.Release|Any CPU.Build.0 = Release|Any CPU
		{372B6AB2-ECC1-475D-98E3-9E43256E8E93}.Release|Mixed Platforms.ActiveCfg = Release|Any CPU
		{372B6AB2-ECC1-475D-98E3-9E43256E8E93}.Release|Mixed Platforms.Build.0 = Release|Any CPU
		{372B6AB2-ECC1-475D-98E3-9E43256E8E93}.Release|x86.ActiveCfg = Release|Any CPU
		{4542480B-C0B1-442C-985F-F63114F1C817}.Debug|Any CPU.ActiveCfg = Debug|Any CPU
		{4542480B-C0B1-442C-985F-F63114F1C817}.Debug|Any CPU.Build.0 = Debug|Any CPU
		{4542480B-C0B1-442C-985F-F63114F1C817}.Debug|Mixed Platforms.ActiveCfg = Debug|Any CPU
		{4542480B-C0B1-442C-985F-F63114F1C817}.Debug|Mixed Platforms.Build.0 = Debug|Any CPU
		{4542480B-C0B1-442C-985F-F63114F1C817}.Debug|x86.ActiveCfg = Debug|Any CPU
		{4542480B-C0B1-442C-985F-F63114F1C817}.Release|Any CPU.ActiveCfg = Release|Any CPU
		{4542480B-C0B1-442C-985F-F63114F1C817}.Release|Any CPU.Build.0 = Release|Any CPU
		{4542480B-C0B1-442C-985F-F63114F1C817}.Release|Mixed Platforms.ActiveCfg = Release|Any CPU
		{4542480B-C0B1-442C-985F-F63114F1C817}.Release|Mixed Platforms.Build.0 = Release|Any CPU
		{4542480B-C0B1-442C-985F-F63114F1C817}.Release|x86.ActiveCfg = Release|Any CPU
		{D4D05F35-3206-45A2-A1C4-EB1BF16E1D23}.Debug|Any CPU.ActiveCfg = Debug|Any CPU
		{D4D05F35-3206-45A2-A1C4-EB1BF16E1D23}.Debug|Any CPU.Build.0 = Debug|Any CPU
		{D4D05F35-3206-45A2-A1C4-EB1BF16E1D23}.Debug|Mixed Platforms.ActiveCfg = Debug|Any CPU
		{D4D05F35-3206-45A2-A1C4-EB1BF16E1D23}.Debug|Mixed Platforms.Build.0 = Debug|Any CPU
		{D4D05F35-3206-45A2-A1C4-EB1BF16E1D23}.Debug|x86.ActiveCfg = Debug|Any CPU
		{D4D05F35-3206-45A2-A1C4-EB1BF16E1D23}.Release|Any CPU.ActiveCfg = Release|Any CPU
		{D4D05F35-3206-45A2-A1C4-EB1BF16E1D23}.Release|Any CPU.Build.0 = Release|Any CPU
		{D4D05F35-3206-45A2-A1C4-EB1BF16E1D23}.Release|Mixed Platforms.ActiveCfg = Release|Any CPU
		{D4D05F35-3206-45A2-A1C4-EB1BF16E1D23}.Release|Mixed Platforms.Build.0 = Release|Any CPU
		{D4D05F35-3206-45A2-A1C4-EB1BF16E1D23}.Release|x86.ActiveCfg = Release|Any CPU
		{C64A0EC7-D763-41C3-AC03-C05CDB129BC4}.Debug|Any CPU.ActiveCfg = Debug|Any CPU
		{C64A0EC7-D763-41C3-AC03-C05CDB129BC4}.Debug|Any CPU.Build.0 = Debug|Any CPU
		{C64A0EC7-D763-41C3-AC03-C05CDB129BC4}.Debug|Mixed Platforms.ActiveCfg = Debug|Any CPU
		{C64A0EC7-D763-41C3-AC03-C05CDB129BC4}.Debug|Mixed Platforms.Build.0 = Debug|Any CPU
		{C64A0EC7-D763-41C3-AC03-C05CDB129BC4}.Debug|x86.ActiveCfg = Debug|Any CPU
		{C64A0EC7-D763-41C3-AC03-C05CDB129BC4}.Release|Any CPU.ActiveCfg = Release|Any CPU
		{C64A0EC7-D763-41C3-AC03-C05CDB129BC4}.Release|Any CPU.Build.0 = Release|Any CPU
		{C64A0EC7-D763-41C3-AC03-C05CDB129BC4}.Release|Mixed Platforms.ActiveCfg = Release|Any CPU
		{C64A0EC7-D763-41C3-AC03-C05CDB129BC4}.Release|Mixed Platforms.Build.0 = Release|Any CPU
		{C64A0EC7-D763-41C3-AC03-C05CDB129BC4}.Release|x86.ActiveCfg = Release|Any CPU
		{BE276461-16A4-4607-A9FF-5918243CCA34}.Debug|Any CPU.ActiveCfg = Debug|Any CPU
		{BE276461-16A4-4607-A9FF-5918243CCA34}.Debug|Any CPU.Build.0 = Debug|Any CPU
		{BE276461-16A4-4607-A9FF-5918243CCA34}.Debug|Mixed Platforms.ActiveCfg = Debug|Any CPU
		{BE276461-16A4-4607-A9FF-5918243CCA34}.Debug|Mixed Platforms.Build.0 = Debug|Any CPU
		{BE276461-16A4-4607-A9FF-5918243CCA34}.Debug|x86.ActiveCfg = Debug|Any CPU
		{BE276461-16A4-4607-A9FF-5918243CCA34}.Release|Any CPU.ActiveCfg = Release|Any CPU
		{BE276461-16A4-4607-A9FF-5918243CCA34}.Release|Any CPU.Build.0 = Release|Any CPU
		{BE276461-16A4-4607-A9FF-5918243CCA34}.Release|Mixed Platforms.ActiveCfg = Release|Any CPU
		{BE276461-16A4-4607-A9FF-5918243CCA34}.Release|Mixed Platforms.Build.0 = Release|Any CPU
		{BE276461-16A4-4607-A9FF-5918243CCA34}.Release|x86.ActiveCfg = Release|Any CPU
		{555D5F28-2098-4C51-8466-40E6A0726FC6}.Debug|Any CPU.ActiveCfg = Debug|Any CPU
		{555D5F28-2098-4C51-8466-40E6A0726FC6}.Debug|Any CPU.Build.0 = Debug|Any CPU
		{555D5F28-2098-4C51-8466-40E6A0726FC6}.Debug|Mixed Platforms.ActiveCfg = Debug|Any CPU
		{555D5F28-2098-4C51-8466-40E6A0726FC6}.Debug|Mixed Platforms.Build.0 = Debug|Any CPU
		{555D5F28-2098-4C51-8466-40E6A0726FC6}.Debug|x86.ActiveCfg = Debug|Any CPU
		{555D5F28-2098-4C51-8466-40E6A0726FC6}.Release|Any CPU.ActiveCfg = Release|Any CPU
		{555D5F28-2098-4C51-8466-40E6A0726FC6}.Release|Any CPU.Build.0 = Release|Any CPU
		{555D5F28-2098-4C51-8466-40E6A0726FC6}.Release|Mixed Platforms.ActiveCfg = Release|Any CPU
		{555D5F28-2098-4C51-8466-40E6A0726FC6}.Release|Mixed Platforms.Build.0 = Release|Any CPU
		{555D5F28-2098-4C51-8466-40E6A0726FC6}.Release|x86.ActiveCfg = Release|Any CPU
		{50B699C5-FE10-4EFE-B20B-DD52526C46FE}.Debug|Any CPU.ActiveCfg = Debug|Any CPU
		{50B699C5-FE10-4EFE-B20B-DD52526C46FE}.Debug|Any CPU.Build.0 = Debug|Any CPU
		{50B699C5-FE10-4EFE-B20B-DD52526C46FE}.Debug|Mixed Platforms.ActiveCfg = Debug|Any CPU
		{50B699C5-FE10-4EFE-B20B-DD52526C46FE}.Debug|Mixed Platforms.Build.0 = Debug|Any CPU
		{50B699C5-FE10-4EFE-B20B-DD52526C46FE}.Debug|x86.ActiveCfg = Debug|Any CPU
		{50B699C5-FE10-4EFE-B20B-DD52526C46FE}.Release|Any CPU.ActiveCfg = Release|Any CPU
		{50B699C5-FE10-4EFE-B20B-DD52526C46FE}.Release|Any CPU.Build.0 = Release|Any CPU
		{50B699C5-FE10-4EFE-B20B-DD52526C46FE}.Release|Mixed Platforms.ActiveCfg = Release|Any CPU
		{50B699C5-FE10-4EFE-B20B-DD52526C46FE}.Release|Mixed Platforms.Build.0 = Release|Any CPU
		{50B699C5-FE10-4EFE-B20B-DD52526C46FE}.Release|x86.ActiveCfg = Release|Any CPU
		{A1DAD634-F927-44F7-8512-F68FD8CC8B50}.Debug|Any CPU.ActiveCfg = Debug|Any CPU
		{A1DAD634-F927-44F7-8512-F68FD8CC8B50}.Debug|Any CPU.Build.0 = Debug|Any CPU
		{A1DAD634-F927-44F7-8512-F68FD8CC8B50}.Debug|Mixed Platforms.ActiveCfg = Debug|Any CPU
		{A1DAD634-F927-44F7-8512-F68FD8CC8B50}.Debug|Mixed Platforms.Build.0 = Debug|Any CPU
		{A1DAD634-F927-44F7-8512-F68FD8CC8B50}.Debug|x86.ActiveCfg = Debug|Any CPU
		{A1DAD634-F927-44F7-8512-F68FD8CC8B50}.Release|Any CPU.ActiveCfg = Release|Any CPU
		{A1DAD634-F927-44F7-8512-F68FD8CC8B50}.Release|Any CPU.Build.0 = Release|Any CPU
		{A1DAD634-F927-44F7-8512-F68FD8CC8B50}.Release|Mixed Platforms.ActiveCfg = Release|Any CPU
		{A1DAD634-F927-44F7-8512-F68FD8CC8B50}.Release|Mixed Platforms.Build.0 = Release|Any CPU
		{A1DAD634-F927-44F7-8512-F68FD8CC8B50}.Release|x86.ActiveCfg = Release|Any CPU
		{E4BBE2EE-447B-4AF1-ABD8-989F0658AC83}.Debug|Any CPU.ActiveCfg = Debug|Any CPU
		{E4BBE2EE-447B-4AF1-ABD8-989F0658AC83}.Debug|Any CPU.Build.0 = Debug|Any CPU
		{E4BBE2EE-447B-4AF1-ABD8-989F0658AC83}.Debug|Mixed Platforms.ActiveCfg = Debug|Any CPU
		{E4BBE2EE-447B-4AF1-ABD8-989F0658AC83}.Debug|Mixed Platforms.Build.0 = Debug|Any CPU
		{E4BBE2EE-447B-4AF1-ABD8-989F0658AC83}.Debug|x86.ActiveCfg = Debug|Any CPU
		{E4BBE2EE-447B-4AF1-ABD8-989F0658AC83}.Release|Any CPU.ActiveCfg = Release|Any CPU
		{E4BBE2EE-447B-4AF1-ABD8-989F0658AC83}.Release|Any CPU.Build.0 = Release|Any CPU
		{E4BBE2EE-447B-4AF1-ABD8-989F0658AC83}.Release|Mixed Platforms.ActiveCfg = Release|Any CPU
		{E4BBE2EE-447B-4AF1-ABD8-989F0658AC83}.Release|Mixed Platforms.Build.0 = Release|Any CPU
		{E4BBE2EE-447B-4AF1-ABD8-989F0658AC83}.Release|x86.ActiveCfg = Release|Any CPU
		{1A46C7B0-B1D1-4BC4-AED0-4263E25F933F}.Debug|Any CPU.ActiveCfg = Debug|Any CPU
		{1A46C7B0-B1D1-4BC4-AED0-4263E25F933F}.Debug|Any CPU.Build.0 = Debug|Any CPU
		{1A46C7B0-B1D1-4BC4-AED0-4263E25F933F}.Debug|Mixed Platforms.ActiveCfg = Debug|Any CPU
		{1A46C7B0-B1D1-4BC4-AED0-4263E25F933F}.Debug|Mixed Platforms.Build.0 = Debug|Any CPU
		{1A46C7B0-B1D1-4BC4-AED0-4263E25F933F}.Debug|x86.ActiveCfg = Debug|Any CPU
		{1A46C7B0-B1D1-4BC4-AED0-4263E25F933F}.Release|Any CPU.ActiveCfg = Release|Any CPU
		{1A46C7B0-B1D1-4BC4-AED0-4263E25F933F}.Release|Any CPU.Build.0 = Release|Any CPU
		{1A46C7B0-B1D1-4BC4-AED0-4263E25F933F}.Release|Mixed Platforms.ActiveCfg = Release|Any CPU
		{1A46C7B0-B1D1-4BC4-AED0-4263E25F933F}.Release|Mixed Platforms.Build.0 = Release|Any CPU
		{1A46C7B0-B1D1-4BC4-AED0-4263E25F933F}.Release|x86.ActiveCfg = Release|Any CPU
		{B692BDC9-F8B6-40DB-A45F-0287D7E7EE54}.Debug|Any CPU.ActiveCfg = Debug|Any CPU
		{B692BDC9-F8B6-40DB-A45F-0287D7E7EE54}.Debug|Any CPU.Build.0 = Debug|Any CPU
		{B692BDC9-F8B6-40DB-A45F-0287D7E7EE54}.Debug|Mixed Platforms.ActiveCfg = Debug|Any CPU
		{B692BDC9-F8B6-40DB-A45F-0287D7E7EE54}.Debug|Mixed Platforms.Build.0 = Debug|Any CPU
		{B692BDC9-F8B6-40DB-A45F-0287D7E7EE54}.Debug|x86.ActiveCfg = Debug|Any CPU
		{B692BDC9-F8B6-40DB-A45F-0287D7E7EE54}.Release|Any CPU.ActiveCfg = Release|Any CPU
		{B692BDC9-F8B6-40DB-A45F-0287D7E7EE54}.Release|Any CPU.Build.0 = Release|Any CPU
		{B692BDC9-F8B6-40DB-A45F-0287D7E7EE54}.Release|Mixed Platforms.ActiveCfg = Release|Any CPU
		{B692BDC9-F8B6-40DB-A45F-0287D7E7EE54}.Release|Mixed Platforms.Build.0 = Release|Any CPU
		{B692BDC9-F8B6-40DB-A45F-0287D7E7EE54}.Release|x86.ActiveCfg = Release|Any CPU
		{8F4178EA-A759-4FBE-8E61-A00AD61E641F}.Debug|Any CPU.ActiveCfg = Debug|Any CPU
		{8F4178EA-A759-4FBE-8E61-A00AD61E641F}.Debug|Any CPU.Build.0 = Debug|Any CPU
		{8F4178EA-A759-4FBE-8E61-A00AD61E641F}.Debug|Mixed Platforms.ActiveCfg = Debug|Any CPU
		{8F4178EA-A759-4FBE-8E61-A00AD61E641F}.Debug|Mixed Platforms.Build.0 = Debug|Any CPU
		{8F4178EA-A759-4FBE-8E61-A00AD61E641F}.Debug|x86.ActiveCfg = Debug|Any CPU
		{8F4178EA-A759-4FBE-8E61-A00AD61E641F}.Release|Any CPU.ActiveCfg = Release|Any CPU
		{8F4178EA-A759-4FBE-8E61-A00AD61E641F}.Release|Any CPU.Build.0 = Release|Any CPU
		{8F4178EA-A759-4FBE-8E61-A00AD61E641F}.Release|Mixed Platforms.ActiveCfg = Release|Any CPU
		{8F4178EA-A759-4FBE-8E61-A00AD61E641F}.Release|Mixed Platforms.Build.0 = Release|Any CPU
		{8F4178EA-A759-4FBE-8E61-A00AD61E641F}.Release|x86.ActiveCfg = Release|Any CPU
		{24ACBF50-9DC7-4DD5-8618-841E5C5F6D75}.Debug|Any CPU.ActiveCfg = Debug|Any CPU
		{24ACBF50-9DC7-4DD5-8618-841E5C5F6D75}.Debug|Any CPU.Build.0 = Debug|Any CPU
		{24ACBF50-9DC7-4DD5-8618-841E5C5F6D75}.Debug|Mixed Platforms.ActiveCfg = Debug|Any CPU
		{24ACBF50-9DC7-4DD5-8618-841E5C5F6D75}.Debug|Mixed Platforms.Build.0 = Debug|Any CPU
		{24ACBF50-9DC7-4DD5-8618-841E5C5F6D75}.Debug|x86.ActiveCfg = Debug|Any CPU
		{24ACBF50-9DC7-4DD5-8618-841E5C5F6D75}.Release|Any CPU.ActiveCfg = Release|Any CPU
		{24ACBF50-9DC7-4DD5-8618-841E5C5F6D75}.Release|Any CPU.Build.0 = Release|Any CPU
		{24ACBF50-9DC7-4DD5-8618-841E5C5F6D75}.Release|Mixed Platforms.ActiveCfg = Release|Any CPU
		{24ACBF50-9DC7-4DD5-8618-841E5C5F6D75}.Release|Mixed Platforms.Build.0 = Release|Any CPU
		{24ACBF50-9DC7-4DD5-8618-841E5C5F6D75}.Release|x86.ActiveCfg = Release|Any CPU
		{539DB6AD-E5B3-4E90-AE43-9A3929254B5A}.Debug|Any CPU.ActiveCfg = Debug|Any CPU
		{539DB6AD-E5B3-4E90-AE43-9A3929254B5A}.Debug|Any CPU.Build.0 = Debug|Any CPU
		{539DB6AD-E5B3-4E90-AE43-9A3929254B5A}.Debug|Mixed Platforms.ActiveCfg = Debug|Any CPU
		{539DB6AD-E5B3-4E90-AE43-9A3929254B5A}.Debug|Mixed Platforms.Build.0 = Debug|Any CPU
		{539DB6AD-E5B3-4E90-AE43-9A3929254B5A}.Debug|x86.ActiveCfg = Debug|Any CPU
		{539DB6AD-E5B3-4E90-AE43-9A3929254B5A}.Release|Any CPU.ActiveCfg = Release|Any CPU
		{539DB6AD-E5B3-4E90-AE43-9A3929254B5A}.Release|Any CPU.Build.0 = Release|Any CPU
		{539DB6AD-E5B3-4E90-AE43-9A3929254B5A}.Release|Mixed Platforms.ActiveCfg = Release|Any CPU
		{539DB6AD-E5B3-4E90-AE43-9A3929254B5A}.Release|Mixed Platforms.Build.0 = Release|Any CPU
		{539DB6AD-E5B3-4E90-AE43-9A3929254B5A}.Release|x86.ActiveCfg = Release|Any CPU
		{3C6A92A3-0191-4C0D-8276-50F0B351A9D2}.Debug|Any CPU.ActiveCfg = Debug|Any CPU
		{3C6A92A3-0191-4C0D-8276-50F0B351A9D2}.Debug|Any CPU.Build.0 = Debug|Any CPU
		{3C6A92A3-0191-4C0D-8276-50F0B351A9D2}.Debug|Mixed Platforms.ActiveCfg = Debug|Any CPU
		{3C6A92A3-0191-4C0D-8276-50F0B351A9D2}.Debug|Mixed Platforms.Build.0 = Debug|Any CPU
		{3C6A92A3-0191-4C0D-8276-50F0B351A9D2}.Debug|x86.ActiveCfg = Debug|Any CPU
		{3C6A92A3-0191-4C0D-8276-50F0B351A9D2}.Debug|x86.Build.0 = Debug|Any CPU
		{3C6A92A3-0191-4C0D-8276-50F0B351A9D2}.Release|Any CPU.ActiveCfg = Release|Any CPU
		{3C6A92A3-0191-4C0D-8276-50F0B351A9D2}.Release|Any CPU.Build.0 = Release|Any CPU
		{3C6A92A3-0191-4C0D-8276-50F0B351A9D2}.Release|Mixed Platforms.ActiveCfg = Release|Any CPU
		{3C6A92A3-0191-4C0D-8276-50F0B351A9D2}.Release|Mixed Platforms.Build.0 = Release|Any CPU
		{3C6A92A3-0191-4C0D-8276-50F0B351A9D2}.Release|x86.ActiveCfg = Release|Any CPU
		{3C6A92A3-0191-4C0D-8276-50F0B351A9D2}.Release|x86.Build.0 = Release|Any CPU
		{0B8029EE-8A39-48B4-AC81-99FDE6E50244}.Debug|Any CPU.ActiveCfg = Debug|Any CPU
		{0B8029EE-8A39-48B4-AC81-99FDE6E50244}.Debug|Any CPU.Build.0 = Debug|Any CPU
		{0B8029EE-8A39-48B4-AC81-99FDE6E50244}.Debug|Mixed Platforms.ActiveCfg = Debug|Any CPU
		{0B8029EE-8A39-48B4-AC81-99FDE6E50244}.Debug|Mixed Platforms.Build.0 = Debug|Any CPU
		{0B8029EE-8A39-48B4-AC81-99FDE6E50244}.Debug|x86.ActiveCfg = Debug|Any CPU
		{0B8029EE-8A39-48B4-AC81-99FDE6E50244}.Debug|x86.Build.0 = Debug|Any CPU
		{0B8029EE-8A39-48B4-AC81-99FDE6E50244}.Release|Any CPU.ActiveCfg = Release|Any CPU
		{0B8029EE-8A39-48B4-AC81-99FDE6E50244}.Release|Any CPU.Build.0 = Release|Any CPU
		{0B8029EE-8A39-48B4-AC81-99FDE6E50244}.Release|Mixed Platforms.ActiveCfg = Release|Any CPU
		{0B8029EE-8A39-48B4-AC81-99FDE6E50244}.Release|Mixed Platforms.Build.0 = Release|Any CPU
		{0B8029EE-8A39-48B4-AC81-99FDE6E50244}.Release|x86.ActiveCfg = Release|Any CPU
		{0B8029EE-8A39-48B4-AC81-99FDE6E50244}.Release|x86.Build.0 = Release|Any CPU
		{79777B81-41D2-43E3-938F-C241D846E82E}.Debug|Any CPU.ActiveCfg = Debug|Any CPU
		{79777B81-41D2-43E3-938F-C241D846E82E}.Debug|Any CPU.Build.0 = Debug|Any CPU
		{79777B81-41D2-43E3-938F-C241D846E82E}.Debug|Mixed Platforms.ActiveCfg = Debug|Any CPU
		{79777B81-41D2-43E3-938F-C241D846E82E}.Debug|Mixed Platforms.Build.0 = Debug|Any CPU
		{79777B81-41D2-43E3-938F-C241D846E82E}.Debug|x86.ActiveCfg = Debug|Any CPU
		{79777B81-41D2-43E3-938F-C241D846E82E}.Debug|x86.Build.0 = Debug|Any CPU
		{79777B81-41D2-43E3-938F-C241D846E82E}.Release|Any CPU.ActiveCfg = Release|Any CPU
		{79777B81-41D2-43E3-938F-C241D846E82E}.Release|Any CPU.Build.0 = Release|Any CPU
		{79777B81-41D2-43E3-938F-C241D846E82E}.Release|Mixed Platforms.ActiveCfg = Release|Any CPU
		{79777B81-41D2-43E3-938F-C241D846E82E}.Release|Mixed Platforms.Build.0 = Release|Any CPU
		{79777B81-41D2-43E3-938F-C241D846E82E}.Release|x86.ActiveCfg = Release|Any CPU
		{79777B81-41D2-43E3-938F-C241D846E82E}.Release|x86.Build.0 = Release|Any CPU
		{5034BE0A-92B1-4A21-BC92-A9F45077EF3C}.Debug|Any CPU.ActiveCfg = Debug|Any CPU
		{5034BE0A-92B1-4A21-BC92-A9F45077EF3C}.Debug|Any CPU.Build.0 = Debug|Any CPU
		{5034BE0A-92B1-4A21-BC92-A9F45077EF3C}.Debug|Mixed Platforms.ActiveCfg = Debug|Any CPU
		{5034BE0A-92B1-4A21-BC92-A9F45077EF3C}.Debug|Mixed Platforms.Build.0 = Debug|Any CPU
		{5034BE0A-92B1-4A21-BC92-A9F45077EF3C}.Debug|x86.ActiveCfg = Debug|Any CPU
		{5034BE0A-92B1-4A21-BC92-A9F45077EF3C}.Debug|x86.Build.0 = Debug|Any CPU
		{5034BE0A-92B1-4A21-BC92-A9F45077EF3C}.Release|Any CPU.ActiveCfg = Release|Any CPU
		{5034BE0A-92B1-4A21-BC92-A9F45077EF3C}.Release|Any CPU.Build.0 = Release|Any CPU
		{5034BE0A-92B1-4A21-BC92-A9F45077EF3C}.Release|Mixed Platforms.ActiveCfg = Release|Any CPU
		{5034BE0A-92B1-4A21-BC92-A9F45077EF3C}.Release|Mixed Platforms.Build.0 = Release|Any CPU
		{5034BE0A-92B1-4A21-BC92-A9F45077EF3C}.Release|x86.ActiveCfg = Release|Any CPU
		{5034BE0A-92B1-4A21-BC92-A9F45077EF3C}.Release|x86.Build.0 = Release|Any CPU
		{74513DED-CDE3-44E4-A55C-466A1670D1B3}.Debug|Any CPU.ActiveCfg = Debug|Any CPU
		{74513DED-CDE3-44E4-A55C-466A1670D1B3}.Debug|Any CPU.Build.0 = Debug|Any CPU
		{74513DED-CDE3-44E4-A55C-466A1670D1B3}.Debug|Mixed Platforms.ActiveCfg = Debug|Any CPU
		{74513DED-CDE3-44E4-A55C-466A1670D1B3}.Debug|Mixed Platforms.Build.0 = Debug|Any CPU
		{74513DED-CDE3-44E4-A55C-466A1670D1B3}.Debug|x86.ActiveCfg = Debug|Any CPU
		{74513DED-CDE3-44E4-A55C-466A1670D1B3}.Debug|x86.Build.0 = Debug|Any CPU
		{74513DED-CDE3-44E4-A55C-466A1670D1B3}.Release|Any CPU.ActiveCfg = Release|Any CPU
		{74513DED-CDE3-44E4-A55C-466A1670D1B3}.Release|Any CPU.Build.0 = Release|Any CPU
		{74513DED-CDE3-44E4-A55C-466A1670D1B3}.Release|Mixed Platforms.ActiveCfg = Release|Any CPU
		{74513DED-CDE3-44E4-A55C-466A1670D1B3}.Release|Mixed Platforms.Build.0 = Release|Any CPU
		{74513DED-CDE3-44E4-A55C-466A1670D1B3}.Release|x86.ActiveCfg = Release|Any CPU
		{74513DED-CDE3-44E4-A55C-466A1670D1B3}.Release|x86.Build.0 = Release|Any CPU
		{E92A220B-9E92-4233-877D-1BDE1A56FFE0}.Debug|Any CPU.ActiveCfg = Debug|Any CPU
		{E92A220B-9E92-4233-877D-1BDE1A56FFE0}.Debug|Any CPU.Build.0 = Debug|Any CPU
		{E92A220B-9E92-4233-877D-1BDE1A56FFE0}.Debug|Mixed Platforms.ActiveCfg = Debug|Any CPU
		{E92A220B-9E92-4233-877D-1BDE1A56FFE0}.Debug|Mixed Platforms.Build.0 = Debug|Any CPU
		{E92A220B-9E92-4233-877D-1BDE1A56FFE0}.Debug|x86.ActiveCfg = Debug|Any CPU
		{E92A220B-9E92-4233-877D-1BDE1A56FFE0}.Debug|x86.Build.0 = Debug|Any CPU
		{E92A220B-9E92-4233-877D-1BDE1A56FFE0}.Release|Any CPU.ActiveCfg = Release|Any CPU
		{E92A220B-9E92-4233-877D-1BDE1A56FFE0}.Release|Any CPU.Build.0 = Release|Any CPU
		{E92A220B-9E92-4233-877D-1BDE1A56FFE0}.Release|Mixed Platforms.ActiveCfg = Release|Any CPU
		{E92A220B-9E92-4233-877D-1BDE1A56FFE0}.Release|Mixed Platforms.Build.0 = Release|Any CPU
		{E92A220B-9E92-4233-877D-1BDE1A56FFE0}.Release|x86.ActiveCfg = Release|Any CPU
		{E92A220B-9E92-4233-877D-1BDE1A56FFE0}.Release|x86.Build.0 = Release|Any CPU
		{58727C1F-A593-41A9-B38F-7DAA161A5434}.Debug|Any CPU.ActiveCfg = Debug|Any CPU
		{58727C1F-A593-41A9-B38F-7DAA161A5434}.Debug|Any CPU.Build.0 = Debug|Any CPU
		{58727C1F-A593-41A9-B38F-7DAA161A5434}.Debug|Mixed Platforms.ActiveCfg = Debug|Any CPU
		{58727C1F-A593-41A9-B38F-7DAA161A5434}.Debug|Mixed Platforms.Build.0 = Debug|Any CPU
		{58727C1F-A593-41A9-B38F-7DAA161A5434}.Debug|x86.ActiveCfg = Debug|Any CPU
		{58727C1F-A593-41A9-B38F-7DAA161A5434}.Debug|x86.Build.0 = Debug|Any CPU
		{58727C1F-A593-41A9-B38F-7DAA161A5434}.Release|Any CPU.ActiveCfg = Release|Any CPU
		{58727C1F-A593-41A9-B38F-7DAA161A5434}.Release|Any CPU.Build.0 = Release|Any CPU
		{58727C1F-A593-41A9-B38F-7DAA161A5434}.Release|Mixed Platforms.ActiveCfg = Release|Any CPU
		{58727C1F-A593-41A9-B38F-7DAA161A5434}.Release|Mixed Platforms.Build.0 = Release|Any CPU
		{58727C1F-A593-41A9-B38F-7DAA161A5434}.Release|x86.ActiveCfg = Release|Any CPU
		{58727C1F-A593-41A9-B38F-7DAA161A5434}.Release|x86.Build.0 = Release|Any CPU
		{22A7C8CC-C3B8-41E3-8913-80A8DF9B669A}.Debug|Any CPU.ActiveCfg = Debug|Any CPU
		{22A7C8CC-C3B8-41E3-8913-80A8DF9B669A}.Debug|Any CPU.Build.0 = Debug|Any CPU
		{22A7C8CC-C3B8-41E3-8913-80A8DF9B669A}.Debug|Mixed Platforms.ActiveCfg = Debug|Any CPU
		{22A7C8CC-C3B8-41E3-8913-80A8DF9B669A}.Debug|Mixed Platforms.Build.0 = Debug|Any CPU
		{22A7C8CC-C3B8-41E3-8913-80A8DF9B669A}.Debug|x86.ActiveCfg = Debug|Any CPU
		{22A7C8CC-C3B8-41E3-8913-80A8DF9B669A}.Debug|x86.Build.0 = Debug|Any CPU
		{22A7C8CC-C3B8-41E3-8913-80A8DF9B669A}.Release|Any CPU.ActiveCfg = Release|Any CPU
		{22A7C8CC-C3B8-41E3-8913-80A8DF9B669A}.Release|Any CPU.Build.0 = Release|Any CPU
		{22A7C8CC-C3B8-41E3-8913-80A8DF9B669A}.Release|Mixed Platforms.ActiveCfg = Release|Any CPU
		{22A7C8CC-C3B8-41E3-8913-80A8DF9B669A}.Release|Mixed Platforms.Build.0 = Release|Any CPU
		{22A7C8CC-C3B8-41E3-8913-80A8DF9B669A}.Release|x86.ActiveCfg = Release|Any CPU
		{22A7C8CC-C3B8-41E3-8913-80A8DF9B669A}.Release|x86.Build.0 = Release|Any CPU
		{08DFC162-A264-410A-A958-FF7981E8789A}.Debug|Any CPU.ActiveCfg = Debug|Any CPU
		{08DFC162-A264-410A-A958-FF7981E8789A}.Debug|Any CPU.Build.0 = Debug|Any CPU
		{08DFC162-A264-410A-A958-FF7981E8789A}.Debug|Mixed Platforms.ActiveCfg = Debug|Any CPU
		{08DFC162-A264-410A-A958-FF7981E8789A}.Debug|Mixed Platforms.Build.0 = Debug|Any CPU
		{08DFC162-A264-410A-A958-FF7981E8789A}.Debug|x86.ActiveCfg = Debug|Any CPU
		{08DFC162-A264-410A-A958-FF7981E8789A}.Debug|x86.Build.0 = Debug|Any CPU
		{08DFC162-A264-410A-A958-FF7981E8789A}.Release|Any CPU.ActiveCfg = Release|Any CPU
		{08DFC162-A264-410A-A958-FF7981E8789A}.Release|Any CPU.Build.0 = Release|Any CPU
		{08DFC162-A264-410A-A958-FF7981E8789A}.Release|Mixed Platforms.ActiveCfg = Release|Any CPU
		{08DFC162-A264-410A-A958-FF7981E8789A}.Release|Mixed Platforms.Build.0 = Release|Any CPU
		{08DFC162-A264-410A-A958-FF7981E8789A}.Release|x86.ActiveCfg = Release|Any CPU
		{08DFC162-A264-410A-A958-FF7981E8789A}.Release|x86.Build.0 = Release|Any CPU
		{CECE6250-4F31-42A2-8A95-B81D763D1A0B}.Debug|Any CPU.ActiveCfg = Debug|Any CPU
		{CECE6250-4F31-42A2-8A95-B81D763D1A0B}.Debug|Any CPU.Build.0 = Debug|Any CPU
		{CECE6250-4F31-42A2-8A95-B81D763D1A0B}.Debug|Mixed Platforms.ActiveCfg = Debug|Any CPU
		{CECE6250-4F31-42A2-8A95-B81D763D1A0B}.Debug|Mixed Platforms.Build.0 = Debug|Any CPU
		{CECE6250-4F31-42A2-8A95-B81D763D1A0B}.Debug|x86.ActiveCfg = Debug|Any CPU
		{CECE6250-4F31-42A2-8A95-B81D763D1A0B}.Debug|x86.Build.0 = Debug|Any CPU
		{CECE6250-4F31-42A2-8A95-B81D763D1A0B}.Release|Any CPU.ActiveCfg = Release|Any CPU
		{CECE6250-4F31-42A2-8A95-B81D763D1A0B}.Release|Any CPU.Build.0 = Release|Any CPU
		{CECE6250-4F31-42A2-8A95-B81D763D1A0B}.Release|Mixed Platforms.ActiveCfg = Release|Any CPU
		{CECE6250-4F31-42A2-8A95-B81D763D1A0B}.Release|Mixed Platforms.Build.0 = Release|Any CPU
		{CECE6250-4F31-42A2-8A95-B81D763D1A0B}.Release|x86.ActiveCfg = Release|Any CPU
		{CECE6250-4F31-42A2-8A95-B81D763D1A0B}.Release|x86.Build.0 = Release|Any CPU
		{BCCF11B6-7717-43C4-9199-761FA43B089B}.Debug|Any CPU.ActiveCfg = Debug|Any CPU
		{BCCF11B6-7717-43C4-9199-761FA43B089B}.Debug|Any CPU.Build.0 = Debug|Any CPU
		{BCCF11B6-7717-43C4-9199-761FA43B089B}.Debug|Mixed Platforms.ActiveCfg = Debug|Any CPU
		{BCCF11B6-7717-43C4-9199-761FA43B089B}.Debug|Mixed Platforms.Build.0 = Debug|Any CPU
		{BCCF11B6-7717-43C4-9199-761FA43B089B}.Debug|x86.ActiveCfg = Debug|Any CPU
		{BCCF11B6-7717-43C4-9199-761FA43B089B}.Debug|x86.Build.0 = Debug|Any CPU
		{BCCF11B6-7717-43C4-9199-761FA43B089B}.Release|Any CPU.ActiveCfg = Release|Any CPU
		{BCCF11B6-7717-43C4-9199-761FA43B089B}.Release|Any CPU.Build.0 = Release|Any CPU
		{BCCF11B6-7717-43C4-9199-761FA43B089B}.Release|Mixed Platforms.ActiveCfg = Release|Any CPU
		{BCCF11B6-7717-43C4-9199-761FA43B089B}.Release|Mixed Platforms.Build.0 = Release|Any CPU
		{BCCF11B6-7717-43C4-9199-761FA43B089B}.Release|x86.ActiveCfg = Release|Any CPU
		{BCCF11B6-7717-43C4-9199-761FA43B089B}.Release|x86.Build.0 = Release|Any CPU
	EndGlobalSection
	GlobalSection(SolutionProperties) = preSolution
		HideSolutionNode = FALSE
	EndGlobalSection
	GlobalSection(NestedProjects) = preSolution
		{72D840AE-1675-42DC-A1F1-1708410EF977} = {5CCCC610-B97D-4AA4-AC21-AA7478768774}
		{32166AF3-835E-45D9-B2EF-1C1A1739BFF6} = {78364B0F-0180-466C-9509-D4B241EE80DF}
		{81FEE5F3-5CC1-4CD3-8104-2FFE726271E4} = {1FF7BBBA-DF5B-4D94-B047-CAC7CA79B210}
		{2F4C6811-E132-40C1-AB3A-704EDC94ACC3} = {1FF7BBBA-DF5B-4D94-B047-CAC7CA79B210}
		{FE3C867F-E2A0-4DC6-8082-57B79EC43C34} = {32166AF3-835E-45D9-B2EF-1C1A1739BFF6}
		{1BA77AC1-49EA-4014-9D65-C6E64981BC82} = {32166AF3-835E-45D9-B2EF-1C1A1739BFF6}
		{B1DF65BA-0A93-4E41-9C67-A8EF8D0F1A51} = {32166AF3-835E-45D9-B2EF-1C1A1739BFF6}
		{E3D0312B-E491-4B29-A06D-124C806A1A3E} = {02AC6222-02EC-4B7E-9B9A-5049774CB936}
		{F77022A6-E49F-4951-ADB0-4B07139E8489} = {72D840AE-1675-42DC-A1F1-1708410EF977}
		{97D7684A-9B59-43EB-8DFE-7F66B77DC69E} = {72D840AE-1675-42DC-A1F1-1708410EF977}
		{6841F1DF-3B39-420A-A582-3DCFC2D98E91} = {1FF7BBBA-DF5B-4D94-B047-CAC7CA79B210}
		{AE92BE4C-C2E2-4554-A34F-7F9641DC1AA4} = {32166AF3-835E-45D9-B2EF-1C1A1739BFF6}
		{3DB86A69-AEBB-43B0-8474-C1CAE4481D58} = {72D840AE-1675-42DC-A1F1-1708410EF977}
		{A6386765-726E-4ED4-A4EC-86437E36E074} = {1FF7BBBA-DF5B-4D94-B047-CAC7CA79B210}
		{A307B8A7-E397-4FB3-A870-E5391592B828} = {53D9E833-8916-4EE1-B8AF-D88ABEDCECE2}
		{1A4E689B-524F-4E6A-8815-76F8E62D2460} = {53D9E833-8916-4EE1-B8AF-D88ABEDCECE2}
		{099F1B17-4C47-4FEB-9B8F-71B5F17BE6B1} = {32166AF3-835E-45D9-B2EF-1C1A1739BFF6}
		{01ABE4DB-4ABE-4B0E-878B-B42A8C9B6560} = {1FF7BBBA-DF5B-4D94-B047-CAC7CA79B210}
		{454BCEE7-722D-4565-86E0-A3D50C8374B4} = {1FF7BBBA-DF5B-4D94-B047-CAC7CA79B210}
		{6DC4FEF4-9852-447E-A2DA-D944E534A21D} = {1FF7BBBA-DF5B-4D94-B047-CAC7CA79B210}
		{F8560EA1-BE52-4EBD-AB9E-315882689559} = {1FF7BBBA-DF5B-4D94-B047-CAC7CA79B210}
		{D01575AF-8A17-4E57-8E83-36325FFE6CCD} = {672D05B5-CDD0-4335-B05A-1A859F65E210}
		{372B6AB2-ECC1-475D-98E3-9E43256E8E93} = {42142C19-4552-433A-918A-FEB5D035051F}
		{4542480B-C0B1-442C-985F-F63114F1C817} = {42142C19-4552-433A-918A-FEB5D035051F}
		{D4D05F35-3206-45A2-A1C4-EB1BF16E1D23} = {1FF7BBBA-DF5B-4D94-B047-CAC7CA79B210}
		{C64A0EC7-D763-41C3-AC03-C05CDB129BC4} = {64B67558-6181-4D09-8209-8F3892CE0446}
		{BE276461-16A4-4607-A9FF-5918243CCA34} = {64B67558-6181-4D09-8209-8F3892CE0446}
		{DAF7B7ED-3D59-4601-ABF6-DD56FE9A3EA6} = {78364B0F-0180-466C-9509-D4B241EE80DF}
		{555D5F28-2098-4C51-8466-40E6A0726FC6} = {7011BCDB-77F6-4D66-9F4C-C610A8C22D69}
		{50B699C5-FE10-4EFE-B20B-DD52526C46FE} = {2FDB3759-C7EE-4A89-9418-AC487ED74572}
		{A1DAD634-F927-44F7-8512-F68FD8CC8B50} = {2FDB3759-C7EE-4A89-9418-AC487ED74572}
		{E4BBE2EE-447B-4AF1-ABD8-989F0658AC83} = {2FDB3759-C7EE-4A89-9418-AC487ED74572}
		{1A46C7B0-B1D1-4BC4-AED0-4263E25F933F} = {2FDB3759-C7EE-4A89-9418-AC487ED74572}
		{B692BDC9-F8B6-40DB-A45F-0287D7E7EE54} = {2FDB3759-C7EE-4A89-9418-AC487ED74572}
		{8F4178EA-A759-4FBE-8E61-A00AD61E641F} = {2FDB3759-C7EE-4A89-9418-AC487ED74572}
		{24ACBF50-9DC7-4DD5-8618-841E5C5F6D75} = {2FDB3759-C7EE-4A89-9418-AC487ED74572}
		{7011BCDB-77F6-4D66-9F4C-C610A8C22D69} = {78364B0F-0180-466C-9509-D4B241EE80DF}
		{02AC6222-02EC-4B7E-9B9A-5049774CB936} = {42142C19-4552-433A-918A-FEB5D035051F}
		{539DB6AD-E5B3-4E90-AE43-9A3929254B5A} = {02AC6222-02EC-4B7E-9B9A-5049774CB936}
		{8C72CC6B-D11D-461E-899C-FB212D56544D} = {5CCCC610-B97D-4AA4-AC21-AA7478768774}
		{3C6A92A3-0191-4C0D-8276-50F0B351A9D2} = {8C72CC6B-D11D-461E-899C-FB212D56544D}
		{0B8029EE-8A39-48B4-AC81-99FDE6E50244} = {8C72CC6B-D11D-461E-899C-FB212D56544D}
		{79777B81-41D2-43E3-938F-C241D846E82E} = {7011BCDB-77F6-4D66-9F4C-C610A8C22D69}
		{5034BE0A-92B1-4A21-BC92-A9F45077EF3C} = {7011BCDB-77F6-4D66-9F4C-C610A8C22D69}
		{7E4E39B4-6988-4A01-94E1-D6E2E3AD797F} = {78364B0F-0180-466C-9509-D4B241EE80DF}
		{74513DED-CDE3-44E4-A55C-466A1670D1B3} = {7E4E39B4-6988-4A01-94E1-D6E2E3AD797F}
		{E92A220B-9E92-4233-877D-1BDE1A56FFE0} = {7E4E39B4-6988-4A01-94E1-D6E2E3AD797F}
		{58727C1F-A593-41A9-B38F-7DAA161A5434} = {7E4E39B4-6988-4A01-94E1-D6E2E3AD797F}
		{09E362F7-4635-4885-8DCF-A022E2C2E2EE} = {42142C19-4552-433A-918A-FEB5D035051F}
		{22A7C8CC-C3B8-41E3-8913-80A8DF9B669A} = {09E362F7-4635-4885-8DCF-A022E2C2E2EE}
		{08DFC162-A264-410A-A958-FF7981E8789A} = {42142C19-4552-433A-918A-FEB5D035051F}
		{CECE6250-4F31-42A2-8A95-B81D763D1A0B} = {42142C19-4552-433A-918A-FEB5D035051F}
		{BCCF11B6-7717-43C4-9199-761FA43B089B} = {42142C19-4552-433A-918A-FEB5D035051F}
	EndGlobalSection
	GlobalSection(ExtensibilityGlobals) = postSolution
		EnterpriseLibraryConfigurationToolBinariesPath = packages\Unity.2.1.505.2\lib\NET35;packages\Unity.Interception.2.1.505.2\lib\NET35;packages\EnterpriseLibrary.Common.5.0.505.0\lib\NET35;packages\EnterpriseLibrary.PolicyInjection.5.0.505.0\lib\NET35;packages\EntLibContrib.PolicyInjection.5.0.505.0\lib\NET35
	EndGlobalSection
	GlobalSection(TestCaseManagementSettings) = postSolution
		CategoryFile = CSharpFeatures.vsmdi
	EndGlobalSection
EndGlobal
